
Microsoft Visual Studio Solution File, Format Version 12.00
# Visual Studio Version 17
VisualStudioVersion = 17.6.33815.320
MinimumVisualStudioVersion = 10.0.40219.1
Project("{2150E333-8FDC-42A3-9474-1A3956D46DE8}") = "N1", "N1", "{18A33EB0-40B0-4FC9-AE07-C9E99E49AC64}"
EndProject
Project("{2150E333-8FDC-42A3-9474-1A3956D46DE8}") = "N2", "N2", "{83F27197-4733-46A3-97BF-D56881489A05}"
EndProject
Project("{2150E333-8FDC-42A3-9474-1A3956D46DE8}") = "N3", "N3", "{1BB170F6-41E7-4FA5-8D76-4E9DE7B161D2}"
EndProject
Project("{2150E333-8FDC-42A3-9474-1A3956D46DE8}") = "N4", "N4", "{5F7AA2F1-D2B6-4EEF-9CD4-D9F53C7733D0}"
EndProject
Project("{2150E333-8FDC-42A3-9474-1A3956D46DE8}") = "N5", "N5", "{2E28574B-9F30-44B1-A53D-829BCCE8DF91}"
EndProject
Project("{2150E333-8FDC-42A3-9474-1A3956D46DE8}") = "HomeTask", "HomeTask", "{4F068E60-50C5-48D0-97E2-C3A5E006996E}"
EndProject
Project("{FAE04EC0-301F-11D3-BF4B-00C04F79EFBC}") = "HT-1", "HT-1\HT-1.csproj", "{21395CF4-AC1D-49A4-9F6D-0D17FA5A64F9}"
EndProject
Project("{2150E333-8FDC-42A3-9474-1A3956D46DE8}") = "HomeTask", "HomeTask", "{B7F004F3-D342-40C0-88CC-E226E1C9ACA1}"
EndProject
Project("{FAE04EC0-301F-11D3-BF4B-00C04F79EFBC}") = "N4-HT1", "N4-HT1\N4-HT1.csproj", "{A59CC5FA-4931-4B20-A0E1-0BE9D21E4B33}"
EndProject
Project("{FAE04EC0-301F-11D3-BF4B-00C04F79EFBC}") = "N4-HT2", "N4-HT2\N4-HT2.csproj", "{F9C1909C-392C-4201-A64D-7A1C318C4646}"
EndProject
Global
	GlobalSection(SolutionConfigurationPlatforms) = preSolution
		Debug|Any CPU = Debug|Any CPU
		Release|Any CPU = Release|Any CPU
	EndGlobalSection
	GlobalSection(ProjectConfigurationPlatforms) = postSolution
		{21395CF4-AC1D-49A4-9F6D-0D17FA5A64F9}.Debug|Any CPU.ActiveCfg = Debug|Any CPU
		{21395CF4-AC1D-49A4-9F6D-0D17FA5A64F9}.Debug|Any CPU.Build.0 = Debug|Any CPU
		{21395CF4-AC1D-49A4-9F6D-0D17FA5A64F9}.Release|Any CPU.ActiveCfg = Release|Any CPU
		{21395CF4-AC1D-49A4-9F6D-0D17FA5A64F9}.Release|Any CPU.Build.0 = Release|Any CPU
		{A59CC5FA-4931-4B20-A0E1-0BE9D21E4B33}.Debug|Any CPU.ActiveCfg = Debug|Any CPU
		{A59CC5FA-4931-4B20-A0E1-0BE9D21E4B33}.Debug|Any CPU.Build.0 = Debug|Any CPU
		{A59CC5FA-4931-4B20-A0E1-0BE9D21E4B33}.Release|Any CPU.ActiveCfg = Release|Any CPU
		{A59CC5FA-4931-4B20-A0E1-0BE9D21E4B33}.Release|Any CPU.Build.0 = Release|Any CPU
		{F9C1909C-392C-4201-A64D-7A1C318C4646}.Debug|Any CPU.ActiveCfg = Debug|Any CPU
		{F9C1909C-392C-4201-A64D-7A1C318C4646}.Debug|Any CPU.Build.0 = Debug|Any CPU
		{F9C1909C-392C-4201-A64D-7A1C318C4646}.Release|Any CPU.ActiveCfg = Release|Any CPU
		{F9C1909C-392C-4201-A64D-7A1C318C4646}.Release|Any CPU.Build.0 = Release|Any CPU
	EndGlobalSection
	GlobalSection(SolutionProperties) = preSolution
		HideSolutionNode = FALSE
	EndGlobalSection
	GlobalSection(NestedProjects) = preSolution
		{4F068E60-50C5-48D0-97E2-C3A5E006996E} = {18A33EB0-40B0-4FC9-AE07-C9E99E49AC64}
		{21395CF4-AC1D-49A4-9F6D-0D17FA5A64F9} = {4F068E60-50C5-48D0-97E2-C3A5E006996E}
		{B7F004F3-D342-40C0-88CC-E226E1C9ACA1} = {5F7AA2F1-D2B6-4EEF-9CD4-D9F53C7733D0}
		{A59CC5FA-4931-4B20-A0E1-0BE9D21E4B33} = {B7F004F3-D342-40C0-88CC-E226E1C9ACA1}
		{F9C1909C-392C-4201-A64D-7A1C318C4646} = {B7F004F3-D342-40C0-88CC-E226E1C9ACA1}
	EndGlobalSection
	GlobalSection(ExtensibilityGlobals) = postSolution
		SolutionGuid = {D9BE108E-C193-473D-85AA-156A80D38B12}
	EndGlobalSection
EndGlobal
