
Microsoft Visual Studio Solution File, Format Version 12.00
# Visual Studio Version 17
VisualStudioVersion = 17.6.33815.320
MinimumVisualStudioVersion = 10.0.40219.1
Project("{2150E333-8FDC-42A3-9474-1A3956D46DE8}") = "N1", "N1", "{18A33EB0-40B0-4FC9-AE07-C9E99E49AC64}"
EndProject
Project("{2150E333-8FDC-42A3-9474-1A3956D46DE8}") = "N2", "N2", "{83F27197-4733-46A3-97BF-D56881489A05}"
EndProject
Project("{2150E333-8FDC-42A3-9474-1A3956D46DE8}") = "N3", "N3", "{1BB170F6-41E7-4FA5-8D76-4E9DE7B161D2}"
EndProject
Project("{2150E333-8FDC-42A3-9474-1A3956D46DE8}") = "N4", "N4", "{5F7AA2F1-D2B6-4EEF-9CD4-D9F53C7733D0}"
EndProject
Project("{2150E333-8FDC-42A3-9474-1A3956D46DE8}") = "N5", "N5", "{2E28574B-9F30-44B1-A53D-829BCCE8DF91}"
EndProject
Project("{2150E333-8FDC-42A3-9474-1A3956D46DE8}") = "HomeTask", "HomeTask", "{4F068E60-50C5-48D0-97E2-C3A5E006996E}"
EndProject
Project("{9A19103F-16F7-4668-BE54-9A1E7A4F7556}") = "HT-1", "HT-1\HT-1.csproj", "{21395CF4-AC1D-49A4-9F6D-0D17FA5A64F9}"
EndProject
Project("{2150E333-8FDC-42A3-9474-1A3956D46DE8}") = "HomeTask", "HomeTask", "{B7F004F3-D342-40C0-88CC-E226E1C9ACA1}"
EndProject
Project("{9A19103F-16F7-4668-BE54-9A1E7A4F7556}") = "N4-HT1", "N4-HT1\N4-HT1.csproj", "{A59CC5FA-4931-4B20-A0E1-0BE9D21E4B33}"
EndProject
Project("{9A19103F-16F7-4668-BE54-9A1E7A4F7556}") = "N4-HT2", "N4-HT2\N4-HT2.csproj", "{F9C1909C-392C-4201-A64D-7A1C318C4646}"
EndProject
Project("{9A19103F-16F7-4668-BE54-9A1E7A4F7556}") = "HT1-N5", "HT1-N5\HT1-N5.csproj", "{68F57A63-DD89-42C4-A02C-F7B7E1AF12B4}"
EndProject
Project("{9A19103F-16F7-4668-BE54-9A1E7A4F7556}") = "N5-HT2", "N5-HT2\N5-HT2.csproj", "{C92F7B68-0233-45E4-8305-172E6C71E89B}"
EndProject
Project("{2150E333-8FDC-42A3-9474-1A3956D46DE8}") = "N6", "N6", "{10714131-AF2D-4DBD-B9FB-4698B8743848}"
EndProject
Project("{2150E333-8FDC-42A3-9474-1A3956D46DE8}") = "HomeTask", "HomeTask", "{F2FA3463-3406-47E7-AE63-A2DA5622B4FC}"
EndProject
Project("{9A19103F-16F7-4668-BE54-9A1E7A4F7556}") = "N6-HT1", "N6-HT1\N6-HT1.csproj", "{0D4FA782-2914-4306-BFC8-283E65959EF8}"
EndProject
Project("{2150E333-8FDC-42A3-9474-1A3956D46DE8}") = "Lesson Task", "Lesson Task", "{0237ADDD-BEE9-462A-B454-EA6BA40334B3}"
EndProject
Project("{9A19103F-16F7-4668-BE54-9A1E7A4F7556}") = "LessonTask", "LessonTask\LessonTask.csproj", "{978D7721-8A39-4B30-ACC7-EDE2F5296628}"
EndProject
Project("{FAE04EC0-301F-11D3-BF4B-00C04F79EFBC}") = "Test", "Test\Test.csproj", "{E01C5C10-7D06-483F-8D9F-E2152131AFDB}"
EndProject
Project("{9A19103F-16F7-4668-BE54-9A1E7A4F7556}") = "Task2", "Task2\Task2.csproj", "{AE5DD2F7-E9CE-46AD-A582-53D70EFD23B3}"
EndProject
Project("{9A19103F-16F7-4668-BE54-9A1E7A4F7556}") = "N6-HT2", "N6-HT2\N6-HT2.csproj", "{D6415820-0501-47E5-A245-EB551E163513}"
EndProject
Project("{2150E333-8FDC-42A3-9474-1A3956D46DE8}") = "N7", "N7", "{9849B42C-D96D-4B3F-9B0E-A13363E67B82}"
EndProject
Project("{2150E333-8FDC-42A3-9474-1A3956D46DE8}") = "HomeTask", "HomeTask", "{09EF4844-A8F6-45A3-9126-60AADBF9BF02}"
EndProject
Project("{2150E333-8FDC-42A3-9474-1A3956D46DE8}") = "Task", "Task", "{D1073DA0-8EAA-4A46-9314-3CC4F91E1B48}"
EndProject
Project("{9A19103F-16F7-4668-BE54-9A1E7A4F7556}") = "N7-Task1", "N7-Task1\N7-Task1.csproj", "{C6F95034-9F8F-4AC1-9D59-CA44AF28A4F7}"
EndProject
Project("{9A19103F-16F7-4668-BE54-9A1E7A4F7556}") = "N7-HT-1", "N7-HT-1\N7-HT-1.csproj", "{2024EF50-FE00-4E20-A920-B235794241FC}"
EndProject
Project("{2150E333-8FDC-42A3-9474-1A3956D46DE8}") = "N8", "N8", "{AE5B2D3F-EAEC-4587-ADE0-7D4BC2D30722}"
EndProject
Project("{2150E333-8FDC-42A3-9474-1A3956D46DE8}") = "HomeTask", "HomeTask", "{93281432-64B8-4490-8277-B10E3F266CE4}"
EndProject
Project("{9A19103F-16F7-4668-BE54-9A1E7A4F7556}") = "HTn-1", "HTn-1\HTn-1.csproj", "{DFAFD34B-E805-4165-9724-E2E1CEC005DD}"
EndProject
Project("{2150E333-8FDC-42A3-9474-1A3956D46DE8}") = "LessonProject", "LessonProject", "{C1D26EC5-B3F5-4EBC-8595-B58AA8A925A8}"
EndProject
Project("{2150E333-8FDC-42A3-9474-1A3956D46DE8}") = "Projects", "Projects", "{D8520B86-869B-4FC2-8E7B-82F8EA7EFA6A}"
EndProject
Project("{9A19103F-16F7-4668-BE54-9A1E7A4F7556}") = "ConsoleApp1", "ConsoleApp1\ConsoleApp1.csproj", "{43D31032-BA99-4F7E-9826-8EFF432C1A5E}"
EndProject
Project("{9A19103F-16F7-4668-BE54-9A1E7A4F7556}") = "N8-HT1", "N8-HT1\N8-HT1.csproj", "{1F536A4B-0D39-4B1A-AB4E-458F9BD6C081}"
EndProject
Project("{2150E333-8FDC-42A3-9474-1A3956D46DE8}") = "N9", "N9", "{F47C5174-A42A-4E3E-B729-156FA8C623FE}"
EndProject
Project("{2150E333-8FDC-42A3-9474-1A3956D46DE8}") = "HomeTask", "HomeTask", "{577D2F7A-7F00-4C37-86A9-9AF74045C248}"
EndProject
Project("{9A19103F-16F7-4668-BE54-9A1E7A4F7556}") = "N9-HT1", "N9-HT1\N9-HT1.csproj", "{CE5BC47E-C8CD-4CC0-B7E3-4B5A14759ADC}"
EndProject
Project("{9A19103F-16F7-4668-BE54-9A1E7A4F7556}") = "N9-HT9", "N9-HT9\N9-HT9.csproj", "{C316483B-627C-46B0-8A44-3E80C6A653E4}"
EndProject
Project("{9A19103F-16F7-4668-BE54-9A1E7A4F7556}") = "Projectsampl", "Projectsampl\Projectsampl.csproj", "{99D9A3BA-D195-4CBC-8368-7E8B0C1AD1A6}"
EndProject
Project("{2150E333-8FDC-42A3-9474-1A3956D46DE8}") = "N10", "N10", "{A83B792D-4087-4E94-9822-7FAFB73753C0}"
EndProject
Project("{2150E333-8FDC-42A3-9474-1A3956D46DE8}") = "homeTask", "homeTask", "{5A3BFAA5-FC7E-4AFC-AC10-D6FD338D1F69}"
EndProject
Project("{9A19103F-16F7-4668-BE54-9A1E7A4F7556}") = "HT1", "HT1\HT1.csproj", "{A46AE018-CC8F-42DF-A7B5-A64338D8007F}"
EndProject
Project("{2150E333-8FDC-42A3-9474-1A3956D46DE8}") = "Esssey", "Esssey", "{9880CC57-9DD2-49A1-84C4-97105AE860D1}"
EndProject
Project("{9A19103F-16F7-4668-BE54-9A1E7A4F7556}") = "essey1", "essey1\essey1.csproj", "{E26F076B-8942-4E22-A603-8DAA6075E1AE}"
EndProject
Project("{2150E333-8FDC-42A3-9474-1A3956D46DE8}") = "N11", "N11", "{109AD6CE-13DB-4DA8-B3E8-23D90372DC8B}"
EndProject
Project("{2150E333-8FDC-42A3-9474-1A3956D46DE8}") = "Tasks", "Tasks", "{5DBF4AF3-D476-402C-B308-26F6AB3E002B}"
EndProject
Project("{9A19103F-16F7-4668-BE54-9A1E7A4F7556}") = "N11-T1", "Libarary\N11-T1.csproj", "{9AC5539E-1755-4E2F-9743-B38D60A4B6D1}"
EndProject
Project("{2150E333-8FDC-42A3-9474-1A3956D46DE8}") = "Task2", "Task2", "{943BB7C0-FBCA-4F4F-95E8-D62A74C7AAB1}"
EndProject
Project("{9A19103F-16F7-4668-BE54-9A1E7A4F7556}") = "LessonTask2", "LessonTask2\LessonTask2.csproj", "{E36238B5-971E-4C83-BA0F-B330B48405FC}"
EndProject
Project("{2150E333-8FDC-42A3-9474-1A3956D46DE8}") = "Task3", "Task3", "{79AA3A0F-2DA2-4876-A5D1-91257A0C7FA9}"
EndProject
Project("{9A19103F-16F7-4668-BE54-9A1E7A4F7556}") = "TaskArray", "TaskArray\TaskArray.csproj", "{D86A2F4E-5ECE-4466-BBC5-46B10DC5FDC4}"
EndProject
Project("{9A19103F-16F7-4668-BE54-9A1E7A4F7556}") = "TaskArray4", "TaskArray4\TaskArray4.csproj", "{ECCE09DB-95B9-4A2A-86A7-11B4C3CF6EAA}"
EndProject
Project("{2150E333-8FDC-42A3-9474-1A3956D46DE8}") = "N12", "N12", "{88BFD007-C5A1-4A75-A90C-DA5CA08EB78D}"
EndProject
Project("{2150E333-8FDC-42A3-9474-1A3956D46DE8}") = "Hometask", "Hometask", "{D260CBD0-E058-4F27-9AA3-F2D187AF11CB}"
EndProject
Project("{9A19103F-16F7-4668-BE54-9A1E7A4F7556}") = "N12-HT1.", "N12-HT1\N12-HT1..csproj", "{E7215BBA-AC22-466A-8461-3BEF9A6BEF42}"
EndProject
Project("{2150E333-8FDC-42A3-9474-1A3956D46DE8}") = "Takrorlash", "Takrorlash", "{2EFBAB31-E0A5-48D3-8ABD-F57577E4037B}"
EndProject
Project("{9A19103F-16F7-4668-BE54-9A1E7A4F7556}") = "Mustahkamlash", "Mustahkamlash\Mustahkamlash.csproj", "{EF5E7424-548E-4A66-AA38-A71C12673879}"
EndProject
Project("{9A19103F-16F7-4668-BE54-9A1E7A4F7556}") = "N12-HT2", "N12-HT2\N12-HT2.csproj", "{1D593ED8-3387-40C9-9542-60D4527327AA}"
EndProject
Project("{9A19103F-16F7-4668-BE54-9A1E7A4F7556}") = "N10-HT1", "N10-HT1\N10-HT1.csproj", "{2DE4743B-A851-477A-8290-7CC999CD2DC7}"
EndProject
Project("{2150E333-8FDC-42A3-9474-1A3956D46DE8}") = "N13", "N13", "{A29F53FC-5118-4B45-9642-E290AAAD8659}"
EndProject
Project("{2150E333-8FDC-42A3-9474-1A3956D46DE8}") = "HomeTask", "HomeTask", "{60CDF1FD-9E30-419E-9BA7-E0773E5673A9}"
EndProject
Project("{9A19103F-16F7-4668-BE54-9A1E7A4F7556}") = "N13-HT1", "N13-HT1\N13-HT1.csproj", "{4ABCD957-67FD-4A5C-B1ED-A50E9006BFAA}"
EndProject
Project("{9A19103F-16F7-4668-BE54-9A1E7A4F7556}") = "Lesson12", "Lesson12\Lesson12.csproj", "{F93C6270-1462-4117-B1EC-880236AA3F17}"
EndProject
Project("{9A19103F-16F7-4668-BE54-9A1E7A4F7556}") = "N13-HT2", "N13-HT2\N13-HT2.csproj", "{CAF33E7A-ECF2-4D1B-A81B-0A8F799BFAD6}"
EndProject
Project("{2150E333-8FDC-42A3-9474-1A3956D46DE8}") = "N14", "N14", "{B9E77204-4502-49BE-8625-89CFBB6B5908}"
EndProject
Project("{2150E333-8FDC-42A3-9474-1A3956D46DE8}") = "HomeTask", "HomeTask", "{F0601516-9433-4180-9BB1-22257ECDB5F9}"
EndProject
Project("{9A19103F-16F7-4668-BE54-9A1E7A4F7556}") = "N14-HT1", "N14-HT1\N14-HT1.csproj", "{AF41E58D-7AA2-4E37-884E-11C356FD1A05}"
EndProject
Project("{9A19103F-16F7-4668-BE54-9A1E7A4F7556}") = "Lessondan", "Lessondan\Lessondan.csproj", "{440C2DC4-E7DF-4179-B5EB-5791D155C65D}"
EndProject
Project("{9A19103F-16F7-4668-BE54-9A1E7A4F7556}") = "N13-HTT2.2", "N13-HTT2.2\N13-HTT2.2.csproj", "{15396F40-103B-408F-A62C-6675836AB5DC}"
EndProject
Project("{9A19103F-16F7-4668-BE54-9A1E7A4F7556}") = "N13-HT2.3", "N13-HT2.3\N13-HT2.3.csproj", "{26C10339-4F02-4977-93FF-8AAC5299344A}"
EndProject
Project("{9A19103F-16F7-4668-BE54-9A1E7A4F7556}") = "N14-HT2", "N14-HT2\N14-HT2.csproj", "{1FB44BD3-56A6-4087-9672-60BF535883AB}"
EndProject
Project("{2150E333-8FDC-42A3-9474-1A3956D46DE8}") = "N15", "N15", "{8E9DA153-C656-4482-9FF5-34AF70DC50C7}"
EndProject
Project("{2150E333-8FDC-42A3-9474-1A3956D46DE8}") = "HomesTask", "HomesTask", "{17B67337-B170-4A5B-968B-786154EB7B81}"
EndProject
Project("{9A19103F-16F7-4668-BE54-9A1E7A4F7556}") = "N15-HT1s", "N15-HT1s\N15-HT1s.csproj", "{88F56EFB-6456-4334-AEAA-BF25FBE1EC48}"
EndProject
Project("{9A19103F-16F7-4668-BE54-9A1E7A4F7556}") = "Amalyot", "Amalyot\Amalyot.csproj", "{7F1A6D7E-E3C5-48A3-BD5E-02FFC3234E96}"
EndProject
Project("{2150E333-8FDC-42A3-9474-1A3956D46DE8}") = "N17", "N17", "{4FA5DD37-0371-40C5-B35C-C08E8DD17496}"
EndProject
Project("{2150E333-8FDC-42A3-9474-1A3956D46DE8}") = "HomeTask", "HomeTask", "{B8CCFAA7-3C0A-44D5-A67A-2C8C3DDBB747}"
EndProject
Project("{9A19103F-16F7-4668-BE54-9A1E7A4F7556}") = "N17-HT1z", "N17-HT1z\N17-HT1z.csproj", "{94DAA59A-EBF2-4364-9272-B1E8223F17C0}"
EndProject
Project("{2150E333-8FDC-42A3-9474-1A3956D46DE8}") = "N19", "N19", "{E78E827B-6569-4C20-9700-0EAFF358B5C6}"
EndProject
Project("{2150E333-8FDC-42A3-9474-1A3956D46DE8}") = "HomeTask", "HomeTask", "{51BB1B16-A1B9-4B80-8766-38FA1A737B0A}"
EndProject
Project("{9A19103F-16F7-4668-BE54-9A1E7A4F7556}") = "N19-HT1", "N19-HT1\N19-HT1.csproj", "{B05D14D0-440A-4DD3-9A20-128682D97928}"
EndProject
Project("{2150E333-8FDC-42A3-9474-1A3956D46DE8}") = "N18", "N18", "{D492B36B-3092-40B6-8456-A8EE60D5EAE3}"
EndProject
Project("{2150E333-8FDC-42A3-9474-1A3956D46DE8}") = "HomeTask", "HomeTask", "{ECE99F10-4CAF-4E8C-A9A2-0FECDA0EF781}"
EndProject
Project("{9A19103F-16F7-4668-BE54-9A1E7A4F7556}") = "N18-HT1,", "N19-HT1,\N18-HT1,.csproj", "{4500869D-CBE6-42B9-B275-0EBA775DA35A}"
EndProject
Project("{2150E333-8FDC-42A3-9474-1A3956D46DE8}") = "Boshidan", "Boshidan", "{8009DD1F-BC38-482B-B98C-5CE2C745BF05}"
EndProject
Project("{2150E333-8FDC-42A3-9474-1A3956D46DE8}") = "N10", "N10", "{11F4259B-A525-49FB-AEC3-0AD47435202B}"
EndProject
Project("{9A19103F-16F7-4668-BE54-9A1E7A4F7556}") = "HT2a", "HT2a\HT2a.csproj", "{687E254E-8842-43F9-A63F-B383DAB4D314}"
EndProject
Project("{2150E333-8FDC-42A3-9474-1A3956D46DE8}") = "N16", "N16", "{CDF20DCB-F428-42E0-9315-FED87BBE12E1}"
EndProject
Project("{2150E333-8FDC-42A3-9474-1A3956D46DE8}") = "HomeTask", "HomeTask", "{4114E343-F0E3-41E9-86ED-57EB22B969B3}"
EndProject
Project("{9A19103F-16F7-4668-BE54-9A1E7A4F7556}") = "N16-HT1,", "N16-HT1,\N16-HT1,.csproj", "{0DE030B3-5E18-4F8C-A74E-54C08FE4AD24}"
EndProject
Project("{9A19103F-16F7-4668-BE54-9A1E7A4F7556}") = "N16-HT2m", "N16-HT2m\N16-HT2m.csproj", "{9137DCF4-6A2F-4E12-8D2A-AF8A4330EBB3}"
EndProject
Project("{9A19103F-16F7-4668-BE54-9A1E7A4F7556}") = "N17-HT1a", "N17-HT1a\N17-HT1a.csproj", "{4C398FA6-A4F3-4606-B5CD-C5B4FB6CDA34}"
EndProject
Project("{9A19103F-16F7-4668-BE54-9A1E7A4F7556}") = "N17-HT2l", "N17-HT2l\N17-HT2l.csproj", "{D539F56A-4D69-4F00-82DE-820E8F27E846}"
EndProject
Project("{9A19103F-16F7-4668-BE54-9A1E7A4F7556}") = "shop", "shop\shop.csproj", "{91B8BF3D-9AAB-4BD9-88F5-FE8995D291B1}"
EndProject
Project("{2150E333-8FDC-42A3-9474-1A3956D46DE8}") = "N20", "N20", "{9879F119-061C-4F25-A37A-ACAFC932CFBD}"
EndProject
Project("{2150E333-8FDC-42A3-9474-1A3956D46DE8}") = "HomeTask", "HomeTask", "{05271A46-7452-4786-A33E-6C3311C18D77}"
EndProject
Project("{9A19103F-16F7-4668-BE54-9A1E7A4F7556}") = "N20-HT1", "N21-HT1\N20-HT1.csproj", "{E8F5DDF3-EE4C-4A67-B21B-59629D029D3E}"
EndProject
Project("{9A19103F-16F7-4668-BE54-9A1E7A4F7556}") = "HT1,", "HT1,\HT1,.csproj", "{42C9A5B4-47F1-4F7A-B686-FF04AB694B85}"
EndProject
Project("{2150E333-8FDC-42A3-9474-1A3956D46DE8}") = "Boshi", "Boshi", "{439F6EA3-217C-44EA-A4BB-B108C664AA0E}"
EndProject
Project("{9A19103F-16F7-4668-BE54-9A1E7A4F7556}") = "N10-T2", "N10-T2\N10-T2.csproj", "{55A4DE6A-AD03-4AD9-8648-6A7158247D5F}"
EndProject
Project("{2150E333-8FDC-42A3-9474-1A3956D46DE8}") = "N11", "N11", "{8A40EA09-56AA-476E-838A-17F14F943D81}"
EndProject
Project("{9A19103F-16F7-4668-BE54-9A1E7A4F7556}") = "T2", "T2\T2.csproj", "{AF095829-F430-4EFF-B1C0-035D32881940}"
EndProject
Project("{9A19103F-16F7-4668-BE54-9A1E7A4F7556}") = "N11-T3", "N11-T3\N11-T3.csproj", "{44A552D4-EC15-4A28-B2BE-DF3C2BD89A0A}"
EndProject
Project("{9A19103F-16F7-4668-BE54-9A1E7A4F7556}") = "N11-T4", "N11-T4\N11-T4.csproj", "{BFBAAF01-68E8-4741-AE9B-FE905D0BCEE6}"
EndProject
Project("{2150E333-8FDC-42A3-9474-1A3956D46DE8}") = "NewProject", "NewProject", "{D9AFEA7E-D185-4511-AAAB-765C45AE8DED}"
EndProject
Project("{2150E333-8FDC-42A3-9474-1A3956D46DE8}") = "FirstProject", "FirstProject", "{27F37EC8-6AB3-446D-B0D7-C1373E6F6B1B}"
EndProject
Project("{2150E333-8FDC-42A3-9474-1A3956D46DE8}") = "N21", "N21", "{747990E8-FD35-4E44-8ADA-BD6CF29A6293}"
EndProject
Project("{2150E333-8FDC-42A3-9474-1A3956D46DE8}") = "HomeTask", "HomeTask", "{DE3F2ECE-3B78-4EAE-914F-28B13EA20694}"
EndProject
Project("{9A19103F-16F7-4668-BE54-9A1E7A4F7556}") = "N21-HT1,,", "N21-HT1,,\N21-HT1,,.csproj", "{570BDD5A-4D21-4A15-A244-3ECC46E2DCC3}"
EndProject
Project("{9A19103F-16F7-4668-BE54-9A1E7A4F7556}") = "ProjectsTask", "Task\ProjectsTask.csproj", "{2A622234-2ACD-4034-A0CF-F03F2796CC2B}"
EndProject
Project("{2150E333-8FDC-42A3-9474-1A3956D46DE8}") = "N22", "N22", "{1259F830-33E0-4493-8DF2-232D7DE36A4D}"
EndProject
Project("{2150E333-8FDC-42A3-9474-1A3956D46DE8}") = "HomeTask", "HomeTask", "{B9EBF2AC-6A26-41E0-99E7-5D125706C37D}"
EndProject
Project("{9A19103F-16F7-4668-BE54-9A1E7A4F7556}") = "N22-HT1", "N22-HT1\N22-HT1.csproj", "{685C8204-0602-4768-96EF-E3EB9A4158C7}"
EndProject
Project("{2150E333-8FDC-42A3-9474-1A3956D46DE8}") = "Models", "Models", "{2028C157-E31F-46FE-94F9-BCD62055029F}"
EndProject
Project("{9A19103F-16F7-4668-BE54-9A1E7A4F7556}") = "N22-HT 2", "N22-HT 1\N22-HT 2.csproj", "{079735D6-9C2B-48B7-A0CD-06D0480E8059}"
EndProject
Project("{2150E333-8FDC-42A3-9474-1A3956D46DE8}") = "NewProjectAmalyot", "NewProjectAmalyot", "{67097DC6-F522-45F1-BA0C-ED8C8509BAE3}"
EndProject
Project("{2150E333-8FDC-42A3-9474-1A3956D46DE8}") = "oyinchilar", "oyinchilar", "{85232303-5ED8-438D-9E07-95E0DF6F1529}"
EndProject
Project("{9A19103F-16F7-4668-BE54-9A1E7A4F7556}") = "amalyott", "amalyott\amalyott.csproj", "{E00E896D-C635-4F9A-9DEF-5C79EA21B80B}"
EndProject
Project("{2150E333-8FDC-42A3-9474-1A3956D46DE8}") = "N23", "N23", "{F7B9F082-C2FB-4C9C-8CF4-708BDB09F7EF}"
EndProject
Project("{2150E333-8FDC-42A3-9474-1A3956D46DE8}") = "HomeTask", "HomeTask", "{7EA34ECA-11A9-4617-9B5C-E125D42CD2BC}"
EndProject
Project("{9A19103F-16F7-4668-BE54-9A1E7A4F7556}") = "N23-HT1", "N23-HT1\N23-HT1.csproj", "{7B73D79B-281D-4F33-8995-6874EE709D6C}"
EndProject
Project("{9A19103F-16F7-4668-BE54-9A1E7A4F7556}") = "N23-HT2", "N23-HT2\N23-HT2.csproj", "{0B91C3E1-C6DC-4259-B1A5-125B6E518C3C}"
EndProject
Project("{2150E333-8FDC-42A3-9474-1A3956D46DE8}") = "LessonTask", "LessonTask", "{FCF26221-A5C5-40C1-A2A8-D7FED25E70D0}"
EndProject
Project("{9A19103F-16F7-4668-BE54-9A1E7A4F7556}") = "N23-HT1,", "N23-HT1,\N23-HT1,.csproj", "{C5B570FB-8F66-477C-A75A-7C55BB106EC4}"
EndProject
Project("{2150E333-8FDC-42A3-9474-1A3956D46DE8}") = "ProjectLesson", "ProjectLesson", "{E975DE26-1913-4C16-9B32-DF68813500E3}"
EndProject
Project("{9A19103F-16F7-4668-BE54-9A1E7A4F7556}") = "program", "program\program.csproj", "{D517C427-FD13-4579-898C-DB32908298D0}"
EndProject
Project("{2150E333-8FDC-42A3-9474-1A3956D46DE8}") = "N24", "N24", "{F0F92C3B-6D59-4220-90F3-822605AD8FF7}"
EndProject
Project("{2150E333-8FDC-42A3-9474-1A3956D46DE8}") = "HomeTask", "HomeTask", "{B1839104-D59D-449B-A714-8C3F62264B40}"
EndProject
Project("{9A19103F-16F7-4668-BE54-9A1E7A4F7556}") = "N24-HT1", "N24-HT1\N24-HT1.csproj", "{72F6FC15-7AD2-486B-AFEA-543B9810F665}"
EndProject
Project("{2150E333-8FDC-42A3-9474-1A3956D46DE8}") = "Country", "Country", "{4A78D326-E51F-4758-AD8E-C7D05AC2B410}"
EndProject
Project("{9A19103F-16F7-4668-BE54-9A1E7A4F7556}") = "projectt", "projectt\projectt.csproj", "{FFF20BD4-526C-43AB-94BF-EB66371FF828}"
EndProject
Project("{2150E333-8FDC-42A3-9474-1A3956D46DE8}") = "N25", "N25", "{37DC40B9-4AB7-4DD0-BD88-829F070BAE8E}"
EndProject
Project("{2150E333-8FDC-42A3-9474-1A3956D46DE8}") = "HomeTask", "HomeTask", "{B4B30E83-8620-4B8B-9C30-077C43FCD3C6}"
EndProject
Project("{9A19103F-16F7-4668-BE54-9A1E7A4F7556}") = "N25-HT1", "N25-HT1\N25-HT1.csproj", "{10720FF8-879A-49E1-BD79-92041F5C981C}"
EndProject
Project("{2150E333-8FDC-42A3-9474-1A3956D46DE8}") = "Amalyotlar", "Amalyotlar", "{D19FF00A-BDD8-4450-B396-37A0082DD885}"
EndProject
Project("{2150E333-8FDC-42A3-9474-1A3956D46DE8}") = "Projectlar", "Projectlar", "{A0AB5E8E-59EF-4959-8CD0-F395218B87B7}"
EndProject
Project("{9A19103F-16F7-4668-BE54-9A1E7A4F7556}") = "amalyottt", "amalyottt\amalyottt.csproj", "{73139F90-CE7F-4B1B-AA34-9E5231586C77}"
EndProject
Project("{9A19103F-16F7-4668-BE54-9A1E7A4F7556}") = "robocontest", "robocontest\robocontest.csproj", "{9A92829D-3B29-4262-BA93-841060DE3542}"
EndProject
Project("{2150E333-8FDC-42A3-9474-1A3956D46DE8}") = "PostegSql", "PostegSql", "{70B8AB29-C383-4974-8392-74EF8CFE799C}"
EndProject
Project("{9A19103F-16F7-4668-BE54-9A1E7A4F7556}") = "sql", "sql\sql.csproj", "{C22F23F1-0E0C-47DD-82A0-668D766C1101}"
EndProject
Project("{2150E333-8FDC-42A3-9474-1A3956D46DE8}") = "N26", "N26", "{39697FFA-0A9A-4DF9-9C01-5D9296DD42AE}"
EndProject
Project("{2150E333-8FDC-42A3-9474-1A3956D46DE8}") = "HomeTask", "HomeTask", "{55D4F703-D5EA-4652-89DA-5F561F2E683F}"
EndProject
Project("{9A19103F-16F7-4668-BE54-9A1E7A4F7556}") = "N26-HT1", "N26-HT1\N26-HT1.csproj", "{A9EB2404-9564-439D-A9AB-3AA1B27AE3BA}"
EndProject
Project("{9A19103F-16F7-4668-BE54-9A1E7A4F7556}") = "N26-HT2", "N26-HT2\N26-HT2.csproj", "{4D36EF56-4FCB-462A-A611-1254102E857C}"
EndProject
Project("{2150E333-8FDC-42A3-9474-1A3956D46DE8}") = "N27", "N27", "{BDECD9F1-B06A-47ED-B2A6-97326B22222D}"
EndProject
Project("{2150E333-8FDC-42A3-9474-1A3956D46DE8}") = "HomeTask", "HomeTask", "{E91AEF30-9853-475E-A059-99985CF82B3F}"
EndProject
Project("{9A19103F-16F7-4668-BE54-9A1E7A4F7556}") = "M27-HT1", "M27-HT1\M27-HT1.csproj", "{0FD944C2-552F-4F45-963E-C939B4A8C923}"
EndProject
Project("{9A19103F-16F7-4668-BE54-9A1E7A4F7556}") = "N27-HT2", "N27-HT2\N27-HT2.csproj", "{D96D9F19-BF5D-472A-9491-F641AF1280C9}"
EndProject
Project("{2150E333-8FDC-42A3-9474-1A3956D46DE8}") = "N28", "N28", "{F705110F-4B0A-42CB-B6CD-CE1E413E7C8B}"
EndProject
Project("{2150E333-8FDC-42A3-9474-1A3956D46DE8}") = "HomeTask", "HomeTask", "{58ED1CD3-0B06-40AC-9A4A-3CE6DE2A9A5F}"
EndProject
Project("{9A19103F-16F7-4668-BE54-9A1E7A4F7556}") = "N28-HT1", "N28-HT1\N28-HT1.csproj", "{B7DF2278-C1DF-4A98-9953-6DC7364AFAC6}"
EndProject
Project("{9A19103F-16F7-4668-BE54-9A1E7A4F7556}") = "N28-HT2", "N28-HT2\N28-HT2.csproj", "{0BA4A663-6471-4F57-BF40-5C58CD4B0651}"
EndProject
Project("{9A19103F-16F7-4668-BE54-9A1E7A4F7556}") = "N28_Projects", "N28_Projects\N28_Projects.csproj", "{24C3489C-FA54-4A59-8882-15F49899F380}"
EndProject
Project("{2150E333-8FDC-42A3-9474-1A3956D46DE8}") = "N29", "N29", "{80F89D23-F9EA-409A-9E86-F95CC4C1E353}"
EndProject
Project("{2150E333-8FDC-42A3-9474-1A3956D46DE8}") = "HomeTask", "HomeTask", "{095F928E-7E1B-49D8-AC86-9961432FB846}"
EndProject
Project("{9A19103F-16F7-4668-BE54-9A1E7A4F7556}") = "N29-HT1", "N29-HT1\N29-HT1.csproj", "{B053B966-46FE-492E-B749-12A7D365EC61}"
EndProject
Project("{9A19103F-16F7-4668-BE54-9A1E7A4F7556}") = "N29-HT2", "N29-HT2\N29-HT2.csproj", "{3731E494-26B6-4888-AA9B-E68D99CF9CEE}"
EndProject
Project("{9A19103F-16F7-4668-BE54-9A1E7A4F7556}") = "AMALYOTp", "AMALYOTp\AMALYOTp.csproj", "{69601C62-9CB4-475C-A20E-FEFAC5A193FB}"
EndProject
Project("{2150E333-8FDC-42A3-9474-1A3956D46DE8}") = "N30", "N30", "{0EE37DDF-5288-48E5-B07D-998B201B330D}"
EndProject
Project("{2150E333-8FDC-42A3-9474-1A3956D46DE8}") = "HomeTask", "HomeTask", "{02E2A774-3F94-4316-9727-99867EC9B20E}"
EndProject
Project("{9A19103F-16F7-4668-BE54-9A1E7A4F7556}") = "N30-HT1", "N30-HT1\N30-HT1.csproj", "{25E869AC-701B-4417-BEC5-F58EFE5605F2}"
EndProject
Project("{2150E333-8FDC-42A3-9474-1A3956D46DE8}") = "N31", "N31", "{AB3D2389-3DF1-444B-A440-F3EE80268C7A}"
EndProject
Project("{2150E333-8FDC-42A3-9474-1A3956D46DE8}") = "HomeTask", "HomeTask", "{13501DEA-CF1D-44B1-9B90-81D02B0D217E}"
EndProject
Project("{9A19103F-16F7-4668-BE54-9A1E7A4F7556}") = "N31-HT1", "N31-HT1\N31-HT1.csproj", "{E471E772-22D4-49FF-A68F-B7F4684C9D17}"
EndProject
Project("{2150E333-8FDC-42A3-9474-1A3956D46DE8}") = "LessonTask", "LessonTask", "{25AF3F5C-3955-4188-852A-325FE8DDDAF5}"
EndProject
Project("{9A19103F-16F7-4668-BE54-9A1E7A4F7556}") = "Exsamles", "Exsamles\Exsamles.csproj", "{57D0472F-555A-40D8-9842-98158D777EEA}"
EndProject
Project("{2150E333-8FDC-42A3-9474-1A3956D46DE8}") = "Lessontask2", "Lessontask2", "{D43D28E5-A751-4875-9F04-83D5762DCE6C}"
EndProject
Project("{9A19103F-16F7-4668-BE54-9A1E7A4F7556}") = "T4", "T4\T4.csproj", "{C73E9A38-1082-4E2E-827F-27F721593004}"
EndProject
Project("{9A19103F-16F7-4668-BE54-9A1E7A4F7556}") = "T5", "T5\T5.csproj", "{96718834-3F69-444C-BAE0-C59CADCA5FE3}"
EndProject
Project("{2150E333-8FDC-42A3-9474-1A3956D46DE8}") = "N33", "N33", "{AF9C2F9B-EAD9-499E-A22B-42D0C861D960}"
EndProject
Project("{2150E333-8FDC-42A3-9474-1A3956D46DE8}") = "LessonProject", "LessonProject", "{3DEAF6DE-4A80-4E03-A0CB-6B242A1B736F}"
EndProject
Project("{9A19103F-16F7-4668-BE54-9A1E7A4F7556}") = "T1", "T1\T1.csproj", "{D7EA2FA6-4FF6-44A2-9A71-F3CD33173F52}"
EndProject
Project("{2150E333-8FDC-42A3-9474-1A3956D46DE8}") = "N33-T2", "N33-T2", "{ABF474F9-9AD6-4F4F-9763-79174F060AE3}"
EndProject
Project("{9A19103F-16F7-4668-BE54-9A1E7A4F7556}") = "T2,", "T2,\T2,.csproj", "{EBECB843-6A7E-469C-B774-182EE623580A}"
EndProject
Project("{2150E333-8FDC-42A3-9474-1A3956D46DE8}") = "homeTask", "homeTask", "{B84CB6AB-5445-4D27-9946-DCEEA8E504DF}"
EndProject
Project("{FAE04EC0-301F-11D3-BF4B-00C04F79EFBC}") = "dars", "dars\dars.csproj", "{23019AB7-B667-404C-9646-049EC52C82DB}"
EndProject
Global
	GlobalSection(SolutionConfigurationPlatforms) = preSolution
		Debug|Any CPU = Debug|Any CPU
		Release|Any CPU = Release|Any CPU
	EndGlobalSection
	GlobalSection(ProjectConfigurationPlatforms) = postSolution
		{21395CF4-AC1D-49A4-9F6D-0D17FA5A64F9}.Debug|Any CPU.ActiveCfg = Debug|Any CPU
		{21395CF4-AC1D-49A4-9F6D-0D17FA5A64F9}.Debug|Any CPU.Build.0 = Debug|Any CPU
		{21395CF4-AC1D-49A4-9F6D-0D17FA5A64F9}.Release|Any CPU.ActiveCfg = Release|Any CPU
		{21395CF4-AC1D-49A4-9F6D-0D17FA5A64F9}.Release|Any CPU.Build.0 = Release|Any CPU
		{A59CC5FA-4931-4B20-A0E1-0BE9D21E4B33}.Debug|Any CPU.ActiveCfg = Debug|Any CPU
		{A59CC5FA-4931-4B20-A0E1-0BE9D21E4B33}.Debug|Any CPU.Build.0 = Debug|Any CPU
		{A59CC5FA-4931-4B20-A0E1-0BE9D21E4B33}.Release|Any CPU.ActiveCfg = Release|Any CPU
		{A59CC5FA-4931-4B20-A0E1-0BE9D21E4B33}.Release|Any CPU.Build.0 = Release|Any CPU
		{F9C1909C-392C-4201-A64D-7A1C318C4646}.Debug|Any CPU.ActiveCfg = Debug|Any CPU
		{F9C1909C-392C-4201-A64D-7A1C318C4646}.Debug|Any CPU.Build.0 = Debug|Any CPU
		{F9C1909C-392C-4201-A64D-7A1C318C4646}.Release|Any CPU.ActiveCfg = Release|Any CPU
		{F9C1909C-392C-4201-A64D-7A1C318C4646}.Release|Any CPU.Build.0 = Release|Any CPU
		{68F57A63-DD89-42C4-A02C-F7B7E1AF12B4}.Debug|Any CPU.ActiveCfg = Debug|Any CPU
		{68F57A63-DD89-42C4-A02C-F7B7E1AF12B4}.Debug|Any CPU.Build.0 = Debug|Any CPU
		{68F57A63-DD89-42C4-A02C-F7B7E1AF12B4}.Release|Any CPU.ActiveCfg = Release|Any CPU
		{68F57A63-DD89-42C4-A02C-F7B7E1AF12B4}.Release|Any CPU.Build.0 = Release|Any CPU
		{C92F7B68-0233-45E4-8305-172E6C71E89B}.Debug|Any CPU.ActiveCfg = Debug|Any CPU
		{C92F7B68-0233-45E4-8305-172E6C71E89B}.Debug|Any CPU.Build.0 = Debug|Any CPU
		{C92F7B68-0233-45E4-8305-172E6C71E89B}.Release|Any CPU.ActiveCfg = Release|Any CPU
		{C92F7B68-0233-45E4-8305-172E6C71E89B}.Release|Any CPU.Build.0 = Release|Any CPU
		{0D4FA782-2914-4306-BFC8-283E65959EF8}.Debug|Any CPU.ActiveCfg = Debug|Any CPU
		{0D4FA782-2914-4306-BFC8-283E65959EF8}.Debug|Any CPU.Build.0 = Debug|Any CPU
		{0D4FA782-2914-4306-BFC8-283E65959EF8}.Release|Any CPU.ActiveCfg = Release|Any CPU
		{0D4FA782-2914-4306-BFC8-283E65959EF8}.Release|Any CPU.Build.0 = Release|Any CPU
		{978D7721-8A39-4B30-ACC7-EDE2F5296628}.Debug|Any CPU.ActiveCfg = Debug|Any CPU
		{978D7721-8A39-4B30-ACC7-EDE2F5296628}.Debug|Any CPU.Build.0 = Debug|Any CPU
		{978D7721-8A39-4B30-ACC7-EDE2F5296628}.Release|Any CPU.ActiveCfg = Release|Any CPU
		{978D7721-8A39-4B30-ACC7-EDE2F5296628}.Release|Any CPU.Build.0 = Release|Any CPU
		{E01C5C10-7D06-483F-8D9F-E2152131AFDB}.Debug|Any CPU.ActiveCfg = Debug|Any CPU
		{E01C5C10-7D06-483F-8D9F-E2152131AFDB}.Debug|Any CPU.Build.0 = Debug|Any CPU
		{E01C5C10-7D06-483F-8D9F-E2152131AFDB}.Release|Any CPU.ActiveCfg = Release|Any CPU
		{E01C5C10-7D06-483F-8D9F-E2152131AFDB}.Release|Any CPU.Build.0 = Release|Any CPU
		{AE5DD2F7-E9CE-46AD-A582-53D70EFD23B3}.Debug|Any CPU.ActiveCfg = Debug|Any CPU
		{AE5DD2F7-E9CE-46AD-A582-53D70EFD23B3}.Debug|Any CPU.Build.0 = Debug|Any CPU
		{AE5DD2F7-E9CE-46AD-A582-53D70EFD23B3}.Release|Any CPU.ActiveCfg = Release|Any CPU
		{AE5DD2F7-E9CE-46AD-A582-53D70EFD23B3}.Release|Any CPU.Build.0 = Release|Any CPU
		{D6415820-0501-47E5-A245-EB551E163513}.Debug|Any CPU.ActiveCfg = Debug|Any CPU
		{D6415820-0501-47E5-A245-EB551E163513}.Debug|Any CPU.Build.0 = Debug|Any CPU
		{D6415820-0501-47E5-A245-EB551E163513}.Release|Any CPU.ActiveCfg = Release|Any CPU
		{D6415820-0501-47E5-A245-EB551E163513}.Release|Any CPU.Build.0 = Release|Any CPU
		{C6F95034-9F8F-4AC1-9D59-CA44AF28A4F7}.Debug|Any CPU.ActiveCfg = Debug|Any CPU
		{C6F95034-9F8F-4AC1-9D59-CA44AF28A4F7}.Debug|Any CPU.Build.0 = Debug|Any CPU
		{C6F95034-9F8F-4AC1-9D59-CA44AF28A4F7}.Release|Any CPU.ActiveCfg = Release|Any CPU
		{C6F95034-9F8F-4AC1-9D59-CA44AF28A4F7}.Release|Any CPU.Build.0 = Release|Any CPU
		{2024EF50-FE00-4E20-A920-B235794241FC}.Debug|Any CPU.ActiveCfg = Debug|Any CPU
		{2024EF50-FE00-4E20-A920-B235794241FC}.Debug|Any CPU.Build.0 = Debug|Any CPU
		{2024EF50-FE00-4E20-A920-B235794241FC}.Release|Any CPU.ActiveCfg = Release|Any CPU
		{2024EF50-FE00-4E20-A920-B235794241FC}.Release|Any CPU.Build.0 = Release|Any CPU
		{DFAFD34B-E805-4165-9724-E2E1CEC005DD}.Debug|Any CPU.ActiveCfg = Debug|Any CPU
		{DFAFD34B-E805-4165-9724-E2E1CEC005DD}.Debug|Any CPU.Build.0 = Debug|Any CPU
		{DFAFD34B-E805-4165-9724-E2E1CEC005DD}.Release|Any CPU.ActiveCfg = Release|Any CPU
		{DFAFD34B-E805-4165-9724-E2E1CEC005DD}.Release|Any CPU.Build.0 = Release|Any CPU
		{43D31032-BA99-4F7E-9826-8EFF432C1A5E}.Debug|Any CPU.ActiveCfg = Debug|Any CPU
		{43D31032-BA99-4F7E-9826-8EFF432C1A5E}.Debug|Any CPU.Build.0 = Debug|Any CPU
		{43D31032-BA99-4F7E-9826-8EFF432C1A5E}.Release|Any CPU.ActiveCfg = Release|Any CPU
		{43D31032-BA99-4F7E-9826-8EFF432C1A5E}.Release|Any CPU.Build.0 = Release|Any CPU
		{1F536A4B-0D39-4B1A-AB4E-458F9BD6C081}.Debug|Any CPU.ActiveCfg = Debug|Any CPU
		{1F536A4B-0D39-4B1A-AB4E-458F9BD6C081}.Debug|Any CPU.Build.0 = Debug|Any CPU
		{1F536A4B-0D39-4B1A-AB4E-458F9BD6C081}.Release|Any CPU.ActiveCfg = Release|Any CPU
		{1F536A4B-0D39-4B1A-AB4E-458F9BD6C081}.Release|Any CPU.Build.0 = Release|Any CPU
		{CE5BC47E-C8CD-4CC0-B7E3-4B5A14759ADC}.Debug|Any CPU.ActiveCfg = Debug|Any CPU
		{CE5BC47E-C8CD-4CC0-B7E3-4B5A14759ADC}.Debug|Any CPU.Build.0 = Debug|Any CPU
		{CE5BC47E-C8CD-4CC0-B7E3-4B5A14759ADC}.Release|Any CPU.ActiveCfg = Release|Any CPU
		{CE5BC47E-C8CD-4CC0-B7E3-4B5A14759ADC}.Release|Any CPU.Build.0 = Release|Any CPU
		{C316483B-627C-46B0-8A44-3E80C6A653E4}.Debug|Any CPU.ActiveCfg = Debug|Any CPU
		{C316483B-627C-46B0-8A44-3E80C6A653E4}.Debug|Any CPU.Build.0 = Debug|Any CPU
		{C316483B-627C-46B0-8A44-3E80C6A653E4}.Release|Any CPU.ActiveCfg = Release|Any CPU
		{C316483B-627C-46B0-8A44-3E80C6A653E4}.Release|Any CPU.Build.0 = Release|Any CPU
		{99D9A3BA-D195-4CBC-8368-7E8B0C1AD1A6}.Debug|Any CPU.ActiveCfg = Debug|Any CPU
		{99D9A3BA-D195-4CBC-8368-7E8B0C1AD1A6}.Debug|Any CPU.Build.0 = Debug|Any CPU
		{99D9A3BA-D195-4CBC-8368-7E8B0C1AD1A6}.Release|Any CPU.ActiveCfg = Release|Any CPU
		{99D9A3BA-D195-4CBC-8368-7E8B0C1AD1A6}.Release|Any CPU.Build.0 = Release|Any CPU
		{A46AE018-CC8F-42DF-A7B5-A64338D8007F}.Debug|Any CPU.ActiveCfg = Debug|Any CPU
		{A46AE018-CC8F-42DF-A7B5-A64338D8007F}.Debug|Any CPU.Build.0 = Debug|Any CPU
		{A46AE018-CC8F-42DF-A7B5-A64338D8007F}.Release|Any CPU.ActiveCfg = Release|Any CPU
		{A46AE018-CC8F-42DF-A7B5-A64338D8007F}.Release|Any CPU.Build.0 = Release|Any CPU
		{E26F076B-8942-4E22-A603-8DAA6075E1AE}.Debug|Any CPU.ActiveCfg = Debug|Any CPU
		{E26F076B-8942-4E22-A603-8DAA6075E1AE}.Debug|Any CPU.Build.0 = Debug|Any CPU
		{E26F076B-8942-4E22-A603-8DAA6075E1AE}.Release|Any CPU.ActiveCfg = Release|Any CPU
		{E26F076B-8942-4E22-A603-8DAA6075E1AE}.Release|Any CPU.Build.0 = Release|Any CPU
		{9AC5539E-1755-4E2F-9743-B38D60A4B6D1}.Debug|Any CPU.ActiveCfg = Debug|Any CPU
		{9AC5539E-1755-4E2F-9743-B38D60A4B6D1}.Debug|Any CPU.Build.0 = Debug|Any CPU
		{9AC5539E-1755-4E2F-9743-B38D60A4B6D1}.Release|Any CPU.ActiveCfg = Release|Any CPU
		{9AC5539E-1755-4E2F-9743-B38D60A4B6D1}.Release|Any CPU.Build.0 = Release|Any CPU
		{E36238B5-971E-4C83-BA0F-B330B48405FC}.Debug|Any CPU.ActiveCfg = Debug|Any CPU
		{E36238B5-971E-4C83-BA0F-B330B48405FC}.Debug|Any CPU.Build.0 = Debug|Any CPU
		{E36238B5-971E-4C83-BA0F-B330B48405FC}.Release|Any CPU.ActiveCfg = Release|Any CPU
		{E36238B5-971E-4C83-BA0F-B330B48405FC}.Release|Any CPU.Build.0 = Release|Any CPU
		{D86A2F4E-5ECE-4466-BBC5-46B10DC5FDC4}.Debug|Any CPU.ActiveCfg = Debug|Any CPU
		{D86A2F4E-5ECE-4466-BBC5-46B10DC5FDC4}.Debug|Any CPU.Build.0 = Debug|Any CPU
		{D86A2F4E-5ECE-4466-BBC5-46B10DC5FDC4}.Release|Any CPU.ActiveCfg = Release|Any CPU
		{D86A2F4E-5ECE-4466-BBC5-46B10DC5FDC4}.Release|Any CPU.Build.0 = Release|Any CPU
		{ECCE09DB-95B9-4A2A-86A7-11B4C3CF6EAA}.Debug|Any CPU.ActiveCfg = Debug|Any CPU
		{ECCE09DB-95B9-4A2A-86A7-11B4C3CF6EAA}.Debug|Any CPU.Build.0 = Debug|Any CPU
		{ECCE09DB-95B9-4A2A-86A7-11B4C3CF6EAA}.Release|Any CPU.ActiveCfg = Release|Any CPU
		{ECCE09DB-95B9-4A2A-86A7-11B4C3CF6EAA}.Release|Any CPU.Build.0 = Release|Any CPU
		{E7215BBA-AC22-466A-8461-3BEF9A6BEF42}.Debug|Any CPU.ActiveCfg = Debug|Any CPU
		{E7215BBA-AC22-466A-8461-3BEF9A6BEF42}.Debug|Any CPU.Build.0 = Debug|Any CPU
		{E7215BBA-AC22-466A-8461-3BEF9A6BEF42}.Release|Any CPU.ActiveCfg = Release|Any CPU
		{E7215BBA-AC22-466A-8461-3BEF9A6BEF42}.Release|Any CPU.Build.0 = Release|Any CPU
		{EF5E7424-548E-4A66-AA38-A71C12673879}.Debug|Any CPU.ActiveCfg = Debug|Any CPU
		{EF5E7424-548E-4A66-AA38-A71C12673879}.Debug|Any CPU.Build.0 = Debug|Any CPU
		{EF5E7424-548E-4A66-AA38-A71C12673879}.Release|Any CPU.ActiveCfg = Release|Any CPU
		{EF5E7424-548E-4A66-AA38-A71C12673879}.Release|Any CPU.Build.0 = Release|Any CPU
		{1D593ED8-3387-40C9-9542-60D4527327AA}.Debug|Any CPU.ActiveCfg = Debug|Any CPU
		{1D593ED8-3387-40C9-9542-60D4527327AA}.Debug|Any CPU.Build.0 = Debug|Any CPU
		{1D593ED8-3387-40C9-9542-60D4527327AA}.Release|Any CPU.ActiveCfg = Release|Any CPU
		{1D593ED8-3387-40C9-9542-60D4527327AA}.Release|Any CPU.Build.0 = Release|Any CPU
		{2DE4743B-A851-477A-8290-7CC999CD2DC7}.Debug|Any CPU.ActiveCfg = Debug|Any CPU
		{2DE4743B-A851-477A-8290-7CC999CD2DC7}.Debug|Any CPU.Build.0 = Debug|Any CPU
		{2DE4743B-A851-477A-8290-7CC999CD2DC7}.Release|Any CPU.ActiveCfg = Release|Any CPU
		{2DE4743B-A851-477A-8290-7CC999CD2DC7}.Release|Any CPU.Build.0 = Release|Any CPU
		{4ABCD957-67FD-4A5C-B1ED-A50E9006BFAA}.Debug|Any CPU.ActiveCfg = Debug|Any CPU
		{4ABCD957-67FD-4A5C-B1ED-A50E9006BFAA}.Debug|Any CPU.Build.0 = Debug|Any CPU
		{4ABCD957-67FD-4A5C-B1ED-A50E9006BFAA}.Release|Any CPU.ActiveCfg = Release|Any CPU
		{4ABCD957-67FD-4A5C-B1ED-A50E9006BFAA}.Release|Any CPU.Build.0 = Release|Any CPU
		{F93C6270-1462-4117-B1EC-880236AA3F17}.Debug|Any CPU.ActiveCfg = Debug|Any CPU
		{F93C6270-1462-4117-B1EC-880236AA3F17}.Debug|Any CPU.Build.0 = Debug|Any CPU
		{F93C6270-1462-4117-B1EC-880236AA3F17}.Release|Any CPU.ActiveCfg = Release|Any CPU
		{F93C6270-1462-4117-B1EC-880236AA3F17}.Release|Any CPU.Build.0 = Release|Any CPU
		{CAF33E7A-ECF2-4D1B-A81B-0A8F799BFAD6}.Debug|Any CPU.ActiveCfg = Debug|Any CPU
		{CAF33E7A-ECF2-4D1B-A81B-0A8F799BFAD6}.Debug|Any CPU.Build.0 = Debug|Any CPU
		{CAF33E7A-ECF2-4D1B-A81B-0A8F799BFAD6}.Release|Any CPU.ActiveCfg = Release|Any CPU
		{CAF33E7A-ECF2-4D1B-A81B-0A8F799BFAD6}.Release|Any CPU.Build.0 = Release|Any CPU
		{AF41E58D-7AA2-4E37-884E-11C356FD1A05}.Debug|Any CPU.ActiveCfg = Debug|Any CPU
		{AF41E58D-7AA2-4E37-884E-11C356FD1A05}.Debug|Any CPU.Build.0 = Debug|Any CPU
		{AF41E58D-7AA2-4E37-884E-11C356FD1A05}.Release|Any CPU.ActiveCfg = Release|Any CPU
		{AF41E58D-7AA2-4E37-884E-11C356FD1A05}.Release|Any CPU.Build.0 = Release|Any CPU
		{440C2DC4-E7DF-4179-B5EB-5791D155C65D}.Debug|Any CPU.ActiveCfg = Debug|Any CPU
		{440C2DC4-E7DF-4179-B5EB-5791D155C65D}.Debug|Any CPU.Build.0 = Debug|Any CPU
		{440C2DC4-E7DF-4179-B5EB-5791D155C65D}.Release|Any CPU.ActiveCfg = Release|Any CPU
		{440C2DC4-E7DF-4179-B5EB-5791D155C65D}.Release|Any CPU.Build.0 = Release|Any CPU
		{15396F40-103B-408F-A62C-6675836AB5DC}.Debug|Any CPU.ActiveCfg = Debug|Any CPU
		{15396F40-103B-408F-A62C-6675836AB5DC}.Debug|Any CPU.Build.0 = Debug|Any CPU
		{15396F40-103B-408F-A62C-6675836AB5DC}.Release|Any CPU.ActiveCfg = Release|Any CPU
		{15396F40-103B-408F-A62C-6675836AB5DC}.Release|Any CPU.Build.0 = Release|Any CPU
		{26C10339-4F02-4977-93FF-8AAC5299344A}.Debug|Any CPU.ActiveCfg = Debug|Any CPU
		{26C10339-4F02-4977-93FF-8AAC5299344A}.Debug|Any CPU.Build.0 = Debug|Any CPU
		{26C10339-4F02-4977-93FF-8AAC5299344A}.Release|Any CPU.ActiveCfg = Release|Any CPU
		{26C10339-4F02-4977-93FF-8AAC5299344A}.Release|Any CPU.Build.0 = Release|Any CPU
		{1FB44BD3-56A6-4087-9672-60BF535883AB}.Debug|Any CPU.ActiveCfg = Debug|Any CPU
		{1FB44BD3-56A6-4087-9672-60BF535883AB}.Debug|Any CPU.Build.0 = Debug|Any CPU
		{1FB44BD3-56A6-4087-9672-60BF535883AB}.Release|Any CPU.ActiveCfg = Release|Any CPU
		{1FB44BD3-56A6-4087-9672-60BF535883AB}.Release|Any CPU.Build.0 = Release|Any CPU
		{88F56EFB-6456-4334-AEAA-BF25FBE1EC48}.Debug|Any CPU.ActiveCfg = Debug|Any CPU
		{88F56EFB-6456-4334-AEAA-BF25FBE1EC48}.Debug|Any CPU.Build.0 = Debug|Any CPU
		{88F56EFB-6456-4334-AEAA-BF25FBE1EC48}.Release|Any CPU.ActiveCfg = Release|Any CPU
		{88F56EFB-6456-4334-AEAA-BF25FBE1EC48}.Release|Any CPU.Build.0 = Release|Any CPU
		{7F1A6D7E-E3C5-48A3-BD5E-02FFC3234E96}.Debug|Any CPU.ActiveCfg = Debug|Any CPU
		{7F1A6D7E-E3C5-48A3-BD5E-02FFC3234E96}.Debug|Any CPU.Build.0 = Debug|Any CPU
		{7F1A6D7E-E3C5-48A3-BD5E-02FFC3234E96}.Release|Any CPU.ActiveCfg = Release|Any CPU
		{7F1A6D7E-E3C5-48A3-BD5E-02FFC3234E96}.Release|Any CPU.Build.0 = Release|Any CPU
		{94DAA59A-EBF2-4364-9272-B1E8223F17C0}.Debug|Any CPU.ActiveCfg = Debug|Any CPU
		{94DAA59A-EBF2-4364-9272-B1E8223F17C0}.Debug|Any CPU.Build.0 = Debug|Any CPU
		{94DAA59A-EBF2-4364-9272-B1E8223F17C0}.Release|Any CPU.ActiveCfg = Release|Any CPU
		{94DAA59A-EBF2-4364-9272-B1E8223F17C0}.Release|Any CPU.Build.0 = Release|Any CPU
		{B05D14D0-440A-4DD3-9A20-128682D97928}.Debug|Any CPU.ActiveCfg = Debug|Any CPU
		{B05D14D0-440A-4DD3-9A20-128682D97928}.Debug|Any CPU.Build.0 = Debug|Any CPU
		{B05D14D0-440A-4DD3-9A20-128682D97928}.Release|Any CPU.ActiveCfg = Release|Any CPU
		{B05D14D0-440A-4DD3-9A20-128682D97928}.Release|Any CPU.Build.0 = Release|Any CPU
		{4500869D-CBE6-42B9-B275-0EBA775DA35A}.Debug|Any CPU.ActiveCfg = Debug|Any CPU
		{4500869D-CBE6-42B9-B275-0EBA775DA35A}.Debug|Any CPU.Build.0 = Debug|Any CPU
		{4500869D-CBE6-42B9-B275-0EBA775DA35A}.Release|Any CPU.ActiveCfg = Release|Any CPU
		{4500869D-CBE6-42B9-B275-0EBA775DA35A}.Release|Any CPU.Build.0 = Release|Any CPU
		{687E254E-8842-43F9-A63F-B383DAB4D314}.Debug|Any CPU.ActiveCfg = Debug|Any CPU
		{687E254E-8842-43F9-A63F-B383DAB4D314}.Debug|Any CPU.Build.0 = Debug|Any CPU
		{687E254E-8842-43F9-A63F-B383DAB4D314}.Release|Any CPU.ActiveCfg = Release|Any CPU
		{687E254E-8842-43F9-A63F-B383DAB4D314}.Release|Any CPU.Build.0 = Release|Any CPU
		{0DE030B3-5E18-4F8C-A74E-54C08FE4AD24}.Debug|Any CPU.ActiveCfg = Debug|Any CPU
		{0DE030B3-5E18-4F8C-A74E-54C08FE4AD24}.Debug|Any CPU.Build.0 = Debug|Any CPU
		{0DE030B3-5E18-4F8C-A74E-54C08FE4AD24}.Release|Any CPU.ActiveCfg = Release|Any CPU
		{0DE030B3-5E18-4F8C-A74E-54C08FE4AD24}.Release|Any CPU.Build.0 = Release|Any CPU
		{9137DCF4-6A2F-4E12-8D2A-AF8A4330EBB3}.Debug|Any CPU.ActiveCfg = Debug|Any CPU
		{9137DCF4-6A2F-4E12-8D2A-AF8A4330EBB3}.Debug|Any CPU.Build.0 = Debug|Any CPU
		{9137DCF4-6A2F-4E12-8D2A-AF8A4330EBB3}.Release|Any CPU.ActiveCfg = Release|Any CPU
		{9137DCF4-6A2F-4E12-8D2A-AF8A4330EBB3}.Release|Any CPU.Build.0 = Release|Any CPU
		{4C398FA6-A4F3-4606-B5CD-C5B4FB6CDA34}.Debug|Any CPU.ActiveCfg = Debug|Any CPU
		{4C398FA6-A4F3-4606-B5CD-C5B4FB6CDA34}.Debug|Any CPU.Build.0 = Debug|Any CPU
		{4C398FA6-A4F3-4606-B5CD-C5B4FB6CDA34}.Release|Any CPU.ActiveCfg = Release|Any CPU
		{4C398FA6-A4F3-4606-B5CD-C5B4FB6CDA34}.Release|Any CPU.Build.0 = Release|Any CPU
		{D539F56A-4D69-4F00-82DE-820E8F27E846}.Debug|Any CPU.ActiveCfg = Debug|Any CPU
		{D539F56A-4D69-4F00-82DE-820E8F27E846}.Debug|Any CPU.Build.0 = Debug|Any CPU
		{D539F56A-4D69-4F00-82DE-820E8F27E846}.Release|Any CPU.ActiveCfg = Release|Any CPU
		{D539F56A-4D69-4F00-82DE-820E8F27E846}.Release|Any CPU.Build.0 = Release|Any CPU
		{91B8BF3D-9AAB-4BD9-88F5-FE8995D291B1}.Debug|Any CPU.ActiveCfg = Debug|Any CPU
		{91B8BF3D-9AAB-4BD9-88F5-FE8995D291B1}.Debug|Any CPU.Build.0 = Debug|Any CPU
		{91B8BF3D-9AAB-4BD9-88F5-FE8995D291B1}.Release|Any CPU.ActiveCfg = Release|Any CPU
		{91B8BF3D-9AAB-4BD9-88F5-FE8995D291B1}.Release|Any CPU.Build.0 = Release|Any CPU
		{E8F5DDF3-EE4C-4A67-B21B-59629D029D3E}.Debug|Any CPU.ActiveCfg = Debug|Any CPU
		{E8F5DDF3-EE4C-4A67-B21B-59629D029D3E}.Debug|Any CPU.Build.0 = Debug|Any CPU
		{E8F5DDF3-EE4C-4A67-B21B-59629D029D3E}.Release|Any CPU.ActiveCfg = Release|Any CPU
		{E8F5DDF3-EE4C-4A67-B21B-59629D029D3E}.Release|Any CPU.Build.0 = Release|Any CPU
		{42C9A5B4-47F1-4F7A-B686-FF04AB694B85}.Debug|Any CPU.ActiveCfg = Debug|Any CPU
		{42C9A5B4-47F1-4F7A-B686-FF04AB694B85}.Debug|Any CPU.Build.0 = Debug|Any CPU
		{42C9A5B4-47F1-4F7A-B686-FF04AB694B85}.Release|Any CPU.ActiveCfg = Release|Any CPU
		{42C9A5B4-47F1-4F7A-B686-FF04AB694B85}.Release|Any CPU.Build.0 = Release|Any CPU
		{55A4DE6A-AD03-4AD9-8648-6A7158247D5F}.Debug|Any CPU.ActiveCfg = Debug|Any CPU
		{55A4DE6A-AD03-4AD9-8648-6A7158247D5F}.Debug|Any CPU.Build.0 = Debug|Any CPU
		{55A4DE6A-AD03-4AD9-8648-6A7158247D5F}.Release|Any CPU.ActiveCfg = Release|Any CPU
		{55A4DE6A-AD03-4AD9-8648-6A7158247D5F}.Release|Any CPU.Build.0 = Release|Any CPU
		{AF095829-F430-4EFF-B1C0-035D32881940}.Debug|Any CPU.ActiveCfg = Debug|Any CPU
		{AF095829-F430-4EFF-B1C0-035D32881940}.Debug|Any CPU.Build.0 = Debug|Any CPU
		{AF095829-F430-4EFF-B1C0-035D32881940}.Release|Any CPU.ActiveCfg = Release|Any CPU
		{AF095829-F430-4EFF-B1C0-035D32881940}.Release|Any CPU.Build.0 = Release|Any CPU
		{44A552D4-EC15-4A28-B2BE-DF3C2BD89A0A}.Debug|Any CPU.ActiveCfg = Debug|Any CPU
		{44A552D4-EC15-4A28-B2BE-DF3C2BD89A0A}.Debug|Any CPU.Build.0 = Debug|Any CPU
		{44A552D4-EC15-4A28-B2BE-DF3C2BD89A0A}.Release|Any CPU.ActiveCfg = Release|Any CPU
		{44A552D4-EC15-4A28-B2BE-DF3C2BD89A0A}.Release|Any CPU.Build.0 = Release|Any CPU
		{BFBAAF01-68E8-4741-AE9B-FE905D0BCEE6}.Debug|Any CPU.ActiveCfg = Debug|Any CPU
		{BFBAAF01-68E8-4741-AE9B-FE905D0BCEE6}.Debug|Any CPU.Build.0 = Debug|Any CPU
		{BFBAAF01-68E8-4741-AE9B-FE905D0BCEE6}.Release|Any CPU.ActiveCfg = Release|Any CPU
		{BFBAAF01-68E8-4741-AE9B-FE905D0BCEE6}.Release|Any CPU.Build.0 = Release|Any CPU
		{570BDD5A-4D21-4A15-A244-3ECC46E2DCC3}.Debug|Any CPU.ActiveCfg = Debug|Any CPU
		{570BDD5A-4D21-4A15-A244-3ECC46E2DCC3}.Debug|Any CPU.Build.0 = Debug|Any CPU
		{570BDD5A-4D21-4A15-A244-3ECC46E2DCC3}.Release|Any CPU.ActiveCfg = Release|Any CPU
		{570BDD5A-4D21-4A15-A244-3ECC46E2DCC3}.Release|Any CPU.Build.0 = Release|Any CPU
		{2A622234-2ACD-4034-A0CF-F03F2796CC2B}.Debug|Any CPU.ActiveCfg = Debug|Any CPU
		{2A622234-2ACD-4034-A0CF-F03F2796CC2B}.Debug|Any CPU.Build.0 = Debug|Any CPU
		{2A622234-2ACD-4034-A0CF-F03F2796CC2B}.Release|Any CPU.ActiveCfg = Release|Any CPU
		{2A622234-2ACD-4034-A0CF-F03F2796CC2B}.Release|Any CPU.Build.0 = Release|Any CPU
		{685C8204-0602-4768-96EF-E3EB9A4158C7}.Debug|Any CPU.ActiveCfg = Debug|Any CPU
		{685C8204-0602-4768-96EF-E3EB9A4158C7}.Debug|Any CPU.Build.0 = Debug|Any CPU
		{685C8204-0602-4768-96EF-E3EB9A4158C7}.Release|Any CPU.ActiveCfg = Release|Any CPU
		{685C8204-0602-4768-96EF-E3EB9A4158C7}.Release|Any CPU.Build.0 = Release|Any CPU
		{079735D6-9C2B-48B7-A0CD-06D0480E8059}.Debug|Any CPU.ActiveCfg = Debug|Any CPU
		{079735D6-9C2B-48B7-A0CD-06D0480E8059}.Debug|Any CPU.Build.0 = Debug|Any CPU
		{079735D6-9C2B-48B7-A0CD-06D0480E8059}.Release|Any CPU.ActiveCfg = Release|Any CPU
		{079735D6-9C2B-48B7-A0CD-06D0480E8059}.Release|Any CPU.Build.0 = Release|Any CPU
		{E00E896D-C635-4F9A-9DEF-5C79EA21B80B}.Debug|Any CPU.ActiveCfg = Debug|Any CPU
		{E00E896D-C635-4F9A-9DEF-5C79EA21B80B}.Debug|Any CPU.Build.0 = Debug|Any CPU
		{E00E896D-C635-4F9A-9DEF-5C79EA21B80B}.Release|Any CPU.ActiveCfg = Release|Any CPU
		{E00E896D-C635-4F9A-9DEF-5C79EA21B80B}.Release|Any CPU.Build.0 = Release|Any CPU
		{7B73D79B-281D-4F33-8995-6874EE709D6C}.Debug|Any CPU.ActiveCfg = Debug|Any CPU
		{7B73D79B-281D-4F33-8995-6874EE709D6C}.Debug|Any CPU.Build.0 = Debug|Any CPU
		{7B73D79B-281D-4F33-8995-6874EE709D6C}.Release|Any CPU.ActiveCfg = Release|Any CPU
		{7B73D79B-281D-4F33-8995-6874EE709D6C}.Release|Any CPU.Build.0 = Release|Any CPU
		{0B91C3E1-C6DC-4259-B1A5-125B6E518C3C}.Debug|Any CPU.ActiveCfg = Debug|Any CPU
		{0B91C3E1-C6DC-4259-B1A5-125B6E518C3C}.Debug|Any CPU.Build.0 = Debug|Any CPU
		{0B91C3E1-C6DC-4259-B1A5-125B6E518C3C}.Release|Any CPU.ActiveCfg = Release|Any CPU
		{0B91C3E1-C6DC-4259-B1A5-125B6E518C3C}.Release|Any CPU.Build.0 = Release|Any CPU
		{C5B570FB-8F66-477C-A75A-7C55BB106EC4}.Debug|Any CPU.ActiveCfg = Debug|Any CPU
		{C5B570FB-8F66-477C-A75A-7C55BB106EC4}.Debug|Any CPU.Build.0 = Debug|Any CPU
		{C5B570FB-8F66-477C-A75A-7C55BB106EC4}.Release|Any CPU.ActiveCfg = Release|Any CPU
		{C5B570FB-8F66-477C-A75A-7C55BB106EC4}.Release|Any CPU.Build.0 = Release|Any CPU
		{D517C427-FD13-4579-898C-DB32908298D0}.Debug|Any CPU.ActiveCfg = Debug|Any CPU
		{D517C427-FD13-4579-898C-DB32908298D0}.Debug|Any CPU.Build.0 = Debug|Any CPU
		{D517C427-FD13-4579-898C-DB32908298D0}.Release|Any CPU.ActiveCfg = Release|Any CPU
		{D517C427-FD13-4579-898C-DB32908298D0}.Release|Any CPU.Build.0 = Release|Any CPU
		{72F6FC15-7AD2-486B-AFEA-543B9810F665}.Debug|Any CPU.ActiveCfg = Debug|Any CPU
		{72F6FC15-7AD2-486B-AFEA-543B9810F665}.Debug|Any CPU.Build.0 = Debug|Any CPU
		{72F6FC15-7AD2-486B-AFEA-543B9810F665}.Release|Any CPU.ActiveCfg = Release|Any CPU
		{72F6FC15-7AD2-486B-AFEA-543B9810F665}.Release|Any CPU.Build.0 = Release|Any CPU
		{FFF20BD4-526C-43AB-94BF-EB66371FF828}.Debug|Any CPU.ActiveCfg = Debug|Any CPU
		{FFF20BD4-526C-43AB-94BF-EB66371FF828}.Debug|Any CPU.Build.0 = Debug|Any CPU
		{FFF20BD4-526C-43AB-94BF-EB66371FF828}.Release|Any CPU.ActiveCfg = Release|Any CPU
		{FFF20BD4-526C-43AB-94BF-EB66371FF828}.Release|Any CPU.Build.0 = Release|Any CPU
		{10720FF8-879A-49E1-BD79-92041F5C981C}.Debug|Any CPU.ActiveCfg = Debug|Any CPU
		{10720FF8-879A-49E1-BD79-92041F5C981C}.Debug|Any CPU.Build.0 = Debug|Any CPU
		{10720FF8-879A-49E1-BD79-92041F5C981C}.Release|Any CPU.ActiveCfg = Release|Any CPU
		{10720FF8-879A-49E1-BD79-92041F5C981C}.Release|Any CPU.Build.0 = Release|Any CPU
		{73139F90-CE7F-4B1B-AA34-9E5231586C77}.Debug|Any CPU.ActiveCfg = Debug|Any CPU
		{73139F90-CE7F-4B1B-AA34-9E5231586C77}.Debug|Any CPU.Build.0 = Debug|Any CPU
		{73139F90-CE7F-4B1B-AA34-9E5231586C77}.Release|Any CPU.ActiveCfg = Release|Any CPU
		{73139F90-CE7F-4B1B-AA34-9E5231586C77}.Release|Any CPU.Build.0 = Release|Any CPU
		{9A92829D-3B29-4262-BA93-841060DE3542}.Debug|Any CPU.ActiveCfg = Debug|Any CPU
		{9A92829D-3B29-4262-BA93-841060DE3542}.Debug|Any CPU.Build.0 = Debug|Any CPU
		{9A92829D-3B29-4262-BA93-841060DE3542}.Release|Any CPU.ActiveCfg = Release|Any CPU
		{9A92829D-3B29-4262-BA93-841060DE3542}.Release|Any CPU.Build.0 = Release|Any CPU
		{C22F23F1-0E0C-47DD-82A0-668D766C1101}.Debug|Any CPU.ActiveCfg = Debug|Any CPU
		{C22F23F1-0E0C-47DD-82A0-668D766C1101}.Debug|Any CPU.Build.0 = Debug|Any CPU
		{C22F23F1-0E0C-47DD-82A0-668D766C1101}.Release|Any CPU.ActiveCfg = Release|Any CPU
		{C22F23F1-0E0C-47DD-82A0-668D766C1101}.Release|Any CPU.Build.0 = Release|Any CPU
		{A9EB2404-9564-439D-A9AB-3AA1B27AE3BA}.Debug|Any CPU.ActiveCfg = Debug|Any CPU
		{A9EB2404-9564-439D-A9AB-3AA1B27AE3BA}.Debug|Any CPU.Build.0 = Debug|Any CPU
		{A9EB2404-9564-439D-A9AB-3AA1B27AE3BA}.Release|Any CPU.ActiveCfg = Release|Any CPU
		{A9EB2404-9564-439D-A9AB-3AA1B27AE3BA}.Release|Any CPU.Build.0 = Release|Any CPU
		{4D36EF56-4FCB-462A-A611-1254102E857C}.Debug|Any CPU.ActiveCfg = Debug|Any CPU
		{4D36EF56-4FCB-462A-A611-1254102E857C}.Debug|Any CPU.Build.0 = Debug|Any CPU
		{4D36EF56-4FCB-462A-A611-1254102E857C}.Release|Any CPU.ActiveCfg = Release|Any CPU
		{4D36EF56-4FCB-462A-A611-1254102E857C}.Release|Any CPU.Build.0 = Release|Any CPU
		{0FD944C2-552F-4F45-963E-C939B4A8C923}.Debug|Any CPU.ActiveCfg = Debug|Any CPU
		{0FD944C2-552F-4F45-963E-C939B4A8C923}.Debug|Any CPU.Build.0 = Debug|Any CPU
		{0FD944C2-552F-4F45-963E-C939B4A8C923}.Release|Any CPU.ActiveCfg = Release|Any CPU
		{0FD944C2-552F-4F45-963E-C939B4A8C923}.Release|Any CPU.Build.0 = Release|Any CPU
		{D96D9F19-BF5D-472A-9491-F641AF1280C9}.Debug|Any CPU.ActiveCfg = Debug|Any CPU
		{D96D9F19-BF5D-472A-9491-F641AF1280C9}.Debug|Any CPU.Build.0 = Debug|Any CPU
		{D96D9F19-BF5D-472A-9491-F641AF1280C9}.Release|Any CPU.ActiveCfg = Release|Any CPU
		{D96D9F19-BF5D-472A-9491-F641AF1280C9}.Release|Any CPU.Build.0 = Release|Any CPU
		{B7DF2278-C1DF-4A98-9953-6DC7364AFAC6}.Debug|Any CPU.ActiveCfg = Debug|Any CPU
		{B7DF2278-C1DF-4A98-9953-6DC7364AFAC6}.Debug|Any CPU.Build.0 = Debug|Any CPU
		{B7DF2278-C1DF-4A98-9953-6DC7364AFAC6}.Release|Any CPU.ActiveCfg = Release|Any CPU
		{B7DF2278-C1DF-4A98-9953-6DC7364AFAC6}.Release|Any CPU.Build.0 = Release|Any CPU
		{0BA4A663-6471-4F57-BF40-5C58CD4B0651}.Debug|Any CPU.ActiveCfg = Debug|Any CPU
		{0BA4A663-6471-4F57-BF40-5C58CD4B0651}.Debug|Any CPU.Build.0 = Debug|Any CPU
		{0BA4A663-6471-4F57-BF40-5C58CD4B0651}.Release|Any CPU.ActiveCfg = Release|Any CPU
		{0BA4A663-6471-4F57-BF40-5C58CD4B0651}.Release|Any CPU.Build.0 = Release|Any CPU
		{24C3489C-FA54-4A59-8882-15F49899F380}.Debug|Any CPU.ActiveCfg = Debug|Any CPU
		{24C3489C-FA54-4A59-8882-15F49899F380}.Debug|Any CPU.Build.0 = Debug|Any CPU
		{24C3489C-FA54-4A59-8882-15F49899F380}.Release|Any CPU.ActiveCfg = Release|Any CPU
		{24C3489C-FA54-4A59-8882-15F49899F380}.Release|Any CPU.Build.0 = Release|Any CPU
		{B053B966-46FE-492E-B749-12A7D365EC61}.Debug|Any CPU.ActiveCfg = Debug|Any CPU
		{B053B966-46FE-492E-B749-12A7D365EC61}.Debug|Any CPU.Build.0 = Debug|Any CPU
		{B053B966-46FE-492E-B749-12A7D365EC61}.Release|Any CPU.ActiveCfg = Release|Any CPU
		{B053B966-46FE-492E-B749-12A7D365EC61}.Release|Any CPU.Build.0 = Release|Any CPU
		{3731E494-26B6-4888-AA9B-E68D99CF9CEE}.Debug|Any CPU.ActiveCfg = Debug|Any CPU
		{3731E494-26B6-4888-AA9B-E68D99CF9CEE}.Debug|Any CPU.Build.0 = Debug|Any CPU
		{3731E494-26B6-4888-AA9B-E68D99CF9CEE}.Release|Any CPU.ActiveCfg = Release|Any CPU
		{3731E494-26B6-4888-AA9B-E68D99CF9CEE}.Release|Any CPU.Build.0 = Release|Any CPU
		{69601C62-9CB4-475C-A20E-FEFAC5A193FB}.Debug|Any CPU.ActiveCfg = Debug|Any CPU
		{69601C62-9CB4-475C-A20E-FEFAC5A193FB}.Debug|Any CPU.Build.0 = Debug|Any CPU
		{69601C62-9CB4-475C-A20E-FEFAC5A193FB}.Release|Any CPU.ActiveCfg = Release|Any CPU
		{69601C62-9CB4-475C-A20E-FEFAC5A193FB}.Release|Any CPU.Build.0 = Release|Any CPU
		{25E869AC-701B-4417-BEC5-F58EFE5605F2}.Debug|Any CPU.ActiveCfg = Debug|Any CPU
		{25E869AC-701B-4417-BEC5-F58EFE5605F2}.Debug|Any CPU.Build.0 = Debug|Any CPU
		{25E869AC-701B-4417-BEC5-F58EFE5605F2}.Release|Any CPU.ActiveCfg = Release|Any CPU
		{25E869AC-701B-4417-BEC5-F58EFE5605F2}.Release|Any CPU.Build.0 = Release|Any CPU
		{E471E772-22D4-49FF-A68F-B7F4684C9D17}.Debug|Any CPU.ActiveCfg = Debug|Any CPU
		{E471E772-22D4-49FF-A68F-B7F4684C9D17}.Debug|Any CPU.Build.0 = Debug|Any CPU
		{E471E772-22D4-49FF-A68F-B7F4684C9D17}.Release|Any CPU.ActiveCfg = Release|Any CPU
		{E471E772-22D4-49FF-A68F-B7F4684C9D17}.Release|Any CPU.Build.0 = Release|Any CPU
		{57D0472F-555A-40D8-9842-98158D777EEA}.Debug|Any CPU.ActiveCfg = Debug|Any CPU
		{57D0472F-555A-40D8-9842-98158D777EEA}.Debug|Any CPU.Build.0 = Debug|Any CPU
		{57D0472F-555A-40D8-9842-98158D777EEA}.Release|Any CPU.ActiveCfg = Release|Any CPU
		{57D0472F-555A-40D8-9842-98158D777EEA}.Release|Any CPU.Build.0 = Release|Any CPU
		{C73E9A38-1082-4E2E-827F-27F721593004}.Debug|Any CPU.ActiveCfg = Debug|Any CPU
		{C73E9A38-1082-4E2E-827F-27F721593004}.Debug|Any CPU.Build.0 = Debug|Any CPU
		{C73E9A38-1082-4E2E-827F-27F721593004}.Release|Any CPU.ActiveCfg = Release|Any CPU
		{C73E9A38-1082-4E2E-827F-27F721593004}.Release|Any CPU.Build.0 = Release|Any CPU
		{96718834-3F69-444C-BAE0-C59CADCA5FE3}.Debug|Any CPU.ActiveCfg = Debug|Any CPU
		{96718834-3F69-444C-BAE0-C59CADCA5FE3}.Debug|Any CPU.Build.0 = Debug|Any CPU
		{96718834-3F69-444C-BAE0-C59CADCA5FE3}.Release|Any CPU.ActiveCfg = Release|Any CPU
		{96718834-3F69-444C-BAE0-C59CADCA5FE3}.Release|Any CPU.Build.0 = Release|Any CPU
		{D7EA2FA6-4FF6-44A2-9A71-F3CD33173F52}.Debug|Any CPU.ActiveCfg = Debug|Any CPU
		{D7EA2FA6-4FF6-44A2-9A71-F3CD33173F52}.Debug|Any CPU.Build.0 = Debug|Any CPU
		{D7EA2FA6-4FF6-44A2-9A71-F3CD33173F52}.Release|Any CPU.ActiveCfg = Release|Any CPU
		{D7EA2FA6-4FF6-44A2-9A71-F3CD33173F52}.Release|Any CPU.Build.0 = Release|Any CPU
		{EBECB843-6A7E-469C-B774-182EE623580A}.Debug|Any CPU.ActiveCfg = Debug|Any CPU
		{EBECB843-6A7E-469C-B774-182EE623580A}.Debug|Any CPU.Build.0 = Debug|Any CPU
		{EBECB843-6A7E-469C-B774-182EE623580A}.Release|Any CPU.ActiveCfg = Release|Any CPU
		{EBECB843-6A7E-469C-B774-182EE623580A}.Release|Any CPU.Build.0 = Release|Any CPU
		{23019AB7-B667-404C-9646-049EC52C82DB}.Debug|Any CPU.ActiveCfg = Debug|Any CPU
		{23019AB7-B667-404C-9646-049EC52C82DB}.Debug|Any CPU.Build.0 = Debug|Any CPU
		{23019AB7-B667-404C-9646-049EC52C82DB}.Release|Any CPU.ActiveCfg = Release|Any CPU
		{23019AB7-B667-404C-9646-049EC52C82DB}.Release|Any CPU.Build.0 = Release|Any CPU
	EndGlobalSection
	GlobalSection(SolutionProperties) = preSolution
		HideSolutionNode = FALSE
	EndGlobalSection
	GlobalSection(NestedProjects) = preSolution
		{4F068E60-50C5-48D0-97E2-C3A5E006996E} = {18A33EB0-40B0-4FC9-AE07-C9E99E49AC64}
		{21395CF4-AC1D-49A4-9F6D-0D17FA5A64F9} = {4F068E60-50C5-48D0-97E2-C3A5E006996E}
		{B7F004F3-D342-40C0-88CC-E226E1C9ACA1} = {5F7AA2F1-D2B6-4EEF-9CD4-D9F53C7733D0}
		{A59CC5FA-4931-4B20-A0E1-0BE9D21E4B33} = {B7F004F3-D342-40C0-88CC-E226E1C9ACA1}
		{F9C1909C-392C-4201-A64D-7A1C318C4646} = {B7F004F3-D342-40C0-88CC-E226E1C9ACA1}
		{68F57A63-DD89-42C4-A02C-F7B7E1AF12B4} = {2E28574B-9F30-44B1-A53D-829BCCE8DF91}
		{C92F7B68-0233-45E4-8305-172E6C71E89B} = {2E28574B-9F30-44B1-A53D-829BCCE8DF91}
		{F2FA3463-3406-47E7-AE63-A2DA5622B4FC} = {10714131-AF2D-4DBD-B9FB-4698B8743848}
		{0D4FA782-2914-4306-BFC8-283E65959EF8} = {F2FA3463-3406-47E7-AE63-A2DA5622B4FC}
		{0237ADDD-BEE9-462A-B454-EA6BA40334B3} = {10714131-AF2D-4DBD-B9FB-4698B8743848}
		{978D7721-8A39-4B30-ACC7-EDE2F5296628} = {0237ADDD-BEE9-462A-B454-EA6BA40334B3}
		{E01C5C10-7D06-483F-8D9F-E2152131AFDB} = {0237ADDD-BEE9-462A-B454-EA6BA40334B3}
		{AE5DD2F7-E9CE-46AD-A582-53D70EFD23B3} = {0237ADDD-BEE9-462A-B454-EA6BA40334B3}
		{D6415820-0501-47E5-A245-EB551E163513} = {F2FA3463-3406-47E7-AE63-A2DA5622B4FC}
		{09EF4844-A8F6-45A3-9126-60AADBF9BF02} = {9849B42C-D96D-4B3F-9B0E-A13363E67B82}
		{D1073DA0-8EAA-4A46-9314-3CC4F91E1B48} = {9849B42C-D96D-4B3F-9B0E-A13363E67B82}
		{C6F95034-9F8F-4AC1-9D59-CA44AF28A4F7} = {D1073DA0-8EAA-4A46-9314-3CC4F91E1B48}
		{2024EF50-FE00-4E20-A920-B235794241FC} = {09EF4844-A8F6-45A3-9126-60AADBF9BF02}
		{93281432-64B8-4490-8277-B10E3F266CE4} = {AE5B2D3F-EAEC-4587-ADE0-7D4BC2D30722}
		{DFAFD34B-E805-4165-9724-E2E1CEC005DD} = {93281432-64B8-4490-8277-B10E3F266CE4}
		{D8520B86-869B-4FC2-8E7B-82F8EA7EFA6A} = {C1D26EC5-B3F5-4EBC-8595-B58AA8A925A8}
		{43D31032-BA99-4F7E-9826-8EFF432C1A5E} = {D8520B86-869B-4FC2-8E7B-82F8EA7EFA6A}
		{1F536A4B-0D39-4B1A-AB4E-458F9BD6C081} = {93281432-64B8-4490-8277-B10E3F266CE4}
		{577D2F7A-7F00-4C37-86A9-9AF74045C248} = {F47C5174-A42A-4E3E-B729-156FA8C623FE}
		{CE5BC47E-C8CD-4CC0-B7E3-4B5A14759ADC} = {577D2F7A-7F00-4C37-86A9-9AF74045C248}
		{C316483B-627C-46B0-8A44-3E80C6A653E4} = {577D2F7A-7F00-4C37-86A9-9AF74045C248}
		{99D9A3BA-D195-4CBC-8368-7E8B0C1AD1A6} = {D8520B86-869B-4FC2-8E7B-82F8EA7EFA6A}
		{5A3BFAA5-FC7E-4AFC-AC10-D6FD338D1F69} = {A83B792D-4087-4E94-9822-7FAFB73753C0}
		{A46AE018-CC8F-42DF-A7B5-A64338D8007F} = {5A3BFAA5-FC7E-4AFC-AC10-D6FD338D1F69}
		{9880CC57-9DD2-49A1-84C4-97105AE860D1} = {C1D26EC5-B3F5-4EBC-8595-B58AA8A925A8}
		{E26F076B-8942-4E22-A603-8DAA6075E1AE} = {9880CC57-9DD2-49A1-84C4-97105AE860D1}
		{5DBF4AF3-D476-402C-B308-26F6AB3E002B} = {109AD6CE-13DB-4DA8-B3E8-23D90372DC8B}
		{9AC5539E-1755-4E2F-9743-B38D60A4B6D1} = {5DBF4AF3-D476-402C-B308-26F6AB3E002B}
		{943BB7C0-FBCA-4F4F-95E8-D62A74C7AAB1} = {5DBF4AF3-D476-402C-B308-26F6AB3E002B}
		{E36238B5-971E-4C83-BA0F-B330B48405FC} = {943BB7C0-FBCA-4F4F-95E8-D62A74C7AAB1}
		{79AA3A0F-2DA2-4876-A5D1-91257A0C7FA9} = {943BB7C0-FBCA-4F4F-95E8-D62A74C7AAB1}
		{D86A2F4E-5ECE-4466-BBC5-46B10DC5FDC4} = {79AA3A0F-2DA2-4876-A5D1-91257A0C7FA9}
		{ECCE09DB-95B9-4A2A-86A7-11B4C3CF6EAA} = {79AA3A0F-2DA2-4876-A5D1-91257A0C7FA9}
		{D260CBD0-E058-4F27-9AA3-F2D187AF11CB} = {88BFD007-C5A1-4A75-A90C-DA5CA08EB78D}
		{E7215BBA-AC22-466A-8461-3BEF9A6BEF42} = {D260CBD0-E058-4F27-9AA3-F2D187AF11CB}
		{EF5E7424-548E-4A66-AA38-A71C12673879} = {2EFBAB31-E0A5-48D3-8ABD-F57577E4037B}
		{1D593ED8-3387-40C9-9542-60D4527327AA} = {D260CBD0-E058-4F27-9AA3-F2D187AF11CB}
		{2DE4743B-A851-477A-8290-7CC999CD2DC7} = {5A3BFAA5-FC7E-4AFC-AC10-D6FD338D1F69}
		{60CDF1FD-9E30-419E-9BA7-E0773E5673A9} = {A29F53FC-5118-4B45-9642-E290AAAD8659}
		{4ABCD957-67FD-4A5C-B1ED-A50E9006BFAA} = {60CDF1FD-9E30-419E-9BA7-E0773E5673A9}
		{F93C6270-1462-4117-B1EC-880236AA3F17} = {D8520B86-869B-4FC2-8E7B-82F8EA7EFA6A}
		{CAF33E7A-ECF2-4D1B-A81B-0A8F799BFAD6} = {60CDF1FD-9E30-419E-9BA7-E0773E5673A9}
		{F0601516-9433-4180-9BB1-22257ECDB5F9} = {B9E77204-4502-49BE-8625-89CFBB6B5908}
		{AF41E58D-7AA2-4E37-884E-11C356FD1A05} = {F0601516-9433-4180-9BB1-22257ECDB5F9}
		{440C2DC4-E7DF-4179-B5EB-5791D155C65D} = {F0601516-9433-4180-9BB1-22257ECDB5F9}
		{15396F40-103B-408F-A62C-6675836AB5DC} = {60CDF1FD-9E30-419E-9BA7-E0773E5673A9}
		{26C10339-4F02-4977-93FF-8AAC5299344A} = {60CDF1FD-9E30-419E-9BA7-E0773E5673A9}
		{1FB44BD3-56A6-4087-9672-60BF535883AB} = {F0601516-9433-4180-9BB1-22257ECDB5F9}
		{17B67337-B170-4A5B-968B-786154EB7B81} = {8E9DA153-C656-4482-9FF5-34AF70DC50C7}
		{88F56EFB-6456-4334-AEAA-BF25FBE1EC48} = {17B67337-B170-4A5B-968B-786154EB7B81}
		{7F1A6D7E-E3C5-48A3-BD5E-02FFC3234E96} = {2EFBAB31-E0A5-48D3-8ABD-F57577E4037B}
		{B8CCFAA7-3C0A-44D5-A67A-2C8C3DDBB747} = {4FA5DD37-0371-40C5-B35C-C08E8DD17496}
		{94DAA59A-EBF2-4364-9272-B1E8223F17C0} = {B8CCFAA7-3C0A-44D5-A67A-2C8C3DDBB747}
		{51BB1B16-A1B9-4B80-8766-38FA1A737B0A} = {E78E827B-6569-4C20-9700-0EAFF358B5C6}
		{B05D14D0-440A-4DD3-9A20-128682D97928} = {51BB1B16-A1B9-4B80-8766-38FA1A737B0A}
		{ECE99F10-4CAF-4E8C-A9A2-0FECDA0EF781} = {D492B36B-3092-40B6-8456-A8EE60D5EAE3}
		{4500869D-CBE6-42B9-B275-0EBA775DA35A} = {ECE99F10-4CAF-4E8C-A9A2-0FECDA0EF781}
		{11F4259B-A525-49FB-AEC3-0AD47435202B} = {8009DD1F-BC38-482B-B98C-5CE2C745BF05}
		{687E254E-8842-43F9-A63F-B383DAB4D314} = {11F4259B-A525-49FB-AEC3-0AD47435202B}
		{4114E343-F0E3-41E9-86ED-57EB22B969B3} = {CDF20DCB-F428-42E0-9315-FED87BBE12E1}
		{0DE030B3-5E18-4F8C-A74E-54C08FE4AD24} = {4114E343-F0E3-41E9-86ED-57EB22B969B3}
		{9137DCF4-6A2F-4E12-8D2A-AF8A4330EBB3} = {4114E343-F0E3-41E9-86ED-57EB22B969B3}
		{4C398FA6-A4F3-4606-B5CD-C5B4FB6CDA34} = {B8CCFAA7-3C0A-44D5-A67A-2C8C3DDBB747}
		{D539F56A-4D69-4F00-82DE-820E8F27E846} = {B8CCFAA7-3C0A-44D5-A67A-2C8C3DDBB747}
		{91B8BF3D-9AAB-4BD9-88F5-FE8995D291B1} = {11F4259B-A525-49FB-AEC3-0AD47435202B}
		{05271A46-7452-4786-A33E-6C3311C18D77} = {9879F119-061C-4F25-A37A-ACAFC932CFBD}
		{E8F5DDF3-EE4C-4A67-B21B-59629D029D3E} = {05271A46-7452-4786-A33E-6C3311C18D77}
		{42C9A5B4-47F1-4F7A-B686-FF04AB694B85} = {11F4259B-A525-49FB-AEC3-0AD47435202B}
		{439F6EA3-217C-44EA-A4BB-B108C664AA0E} = {11F4259B-A525-49FB-AEC3-0AD47435202B}
		{55A4DE6A-AD03-4AD9-8648-6A7158247D5F} = {439F6EA3-217C-44EA-A4BB-B108C664AA0E}
		{8A40EA09-56AA-476E-838A-17F14F943D81} = {8009DD1F-BC38-482B-B98C-5CE2C745BF05}
		{AF095829-F430-4EFF-B1C0-035D32881940} = {8A40EA09-56AA-476E-838A-17F14F943D81}
		{44A552D4-EC15-4A28-B2BE-DF3C2BD89A0A} = {8A40EA09-56AA-476E-838A-17F14F943D81}
		{BFBAAF01-68E8-4741-AE9B-FE905D0BCEE6} = {8A40EA09-56AA-476E-838A-17F14F943D81}
		{27F37EC8-6AB3-446D-B0D7-C1373E6F6B1B} = {D9AFEA7E-D185-4511-AAAB-765C45AE8DED}
		{DE3F2ECE-3B78-4EAE-914F-28B13EA20694} = {747990E8-FD35-4E44-8ADA-BD6CF29A6293}
		{570BDD5A-4D21-4A15-A244-3ECC46E2DCC3} = {DE3F2ECE-3B78-4EAE-914F-28B13EA20694}
		{2A622234-2ACD-4034-A0CF-F03F2796CC2B} = {27F37EC8-6AB3-446D-B0D7-C1373E6F6B1B}
		{B9EBF2AC-6A26-41E0-99E7-5D125706C37D} = {1259F830-33E0-4493-8DF2-232D7DE36A4D}
		{685C8204-0602-4768-96EF-E3EB9A4158C7} = {B9EBF2AC-6A26-41E0-99E7-5D125706C37D}
		{2028C157-E31F-46FE-94F9-BCD62055029F} = {B9EBF2AC-6A26-41E0-99E7-5D125706C37D}
		{079735D6-9C2B-48B7-A0CD-06D0480E8059} = {2028C157-E31F-46FE-94F9-BCD62055029F}
		{67097DC6-F522-45F1-BA0C-ED8C8509BAE3} = {2EFBAB31-E0A5-48D3-8ABD-F57577E4037B}
		{85232303-5ED8-438D-9E07-95E0DF6F1529} = {67097DC6-F522-45F1-BA0C-ED8C8509BAE3}
		{E00E896D-C635-4F9A-9DEF-5C79EA21B80B} = {85232303-5ED8-438D-9E07-95E0DF6F1529}
		{7EA34ECA-11A9-4617-9B5C-E125D42CD2BC} = {F7B9F082-C2FB-4C9C-8CF4-708BDB09F7EF}
		{7B73D79B-281D-4F33-8995-6874EE709D6C} = {7EA34ECA-11A9-4617-9B5C-E125D42CD2BC}
		{0B91C3E1-C6DC-4259-B1A5-125B6E518C3C} = {7EA34ECA-11A9-4617-9B5C-E125D42CD2BC}
		{FCF26221-A5C5-40C1-A2A8-D7FED25E70D0} = {F7B9F082-C2FB-4C9C-8CF4-708BDB09F7EF}
		{C5B570FB-8F66-477C-A75A-7C55BB106EC4} = {FCF26221-A5C5-40C1-A2A8-D7FED25E70D0}
		{E975DE26-1913-4C16-9B32-DF68813500E3} = {C1D26EC5-B3F5-4EBC-8595-B58AA8A925A8}
		{D517C427-FD13-4579-898C-DB32908298D0} = {E975DE26-1913-4C16-9B32-DF68813500E3}
		{B1839104-D59D-449B-A714-8C3F62264B40} = {F0F92C3B-6D59-4220-90F3-822605AD8FF7}
		{72F6FC15-7AD2-486B-AFEA-543B9810F665} = {B1839104-D59D-449B-A714-8C3F62264B40}
		{4A78D326-E51F-4758-AD8E-C7D05AC2B410} = {27F37EC8-6AB3-446D-B0D7-C1373E6F6B1B}
		{FFF20BD4-526C-43AB-94BF-EB66371FF828} = {4A78D326-E51F-4758-AD8E-C7D05AC2B410}
		{B4B30E83-8620-4B8B-9C30-077C43FCD3C6} = {37DC40B9-4AB7-4DD0-BD88-829F070BAE8E}
		{10720FF8-879A-49E1-BD79-92041F5C981C} = {B4B30E83-8620-4B8B-9C30-077C43FCD3C6}
		{A0AB5E8E-59EF-4959-8CD0-F395218B87B7} = {D19FF00A-BDD8-4450-B396-37A0082DD885}
		{73139F90-CE7F-4B1B-AA34-9E5231586C77} = {A0AB5E8E-59EF-4959-8CD0-F395218B87B7}
		{9A92829D-3B29-4262-BA93-841060DE3542} = {4F068E60-50C5-48D0-97E2-C3A5E006996E}
		{70B8AB29-C383-4974-8392-74EF8CFE799C} = {D9AFEA7E-D185-4511-AAAB-765C45AE8DED}
		{C22F23F1-0E0C-47DD-82A0-668D766C1101} = {70B8AB29-C383-4974-8392-74EF8CFE799C}
		{55D4F703-D5EA-4652-89DA-5F561F2E683F} = {39697FFA-0A9A-4DF9-9C01-5D9296DD42AE}
		{A9EB2404-9564-439D-A9AB-3AA1B27AE3BA} = {55D4F703-D5EA-4652-89DA-5F561F2E683F}
		{4D36EF56-4FCB-462A-A611-1254102E857C} = {55D4F703-D5EA-4652-89DA-5F561F2E683F}
		{E91AEF30-9853-475E-A059-99985CF82B3F} = {BDECD9F1-B06A-47ED-B2A6-97326B22222D}
		{0FD944C2-552F-4F45-963E-C939B4A8C923} = {E91AEF30-9853-475E-A059-99985CF82B3F}
		{D96D9F19-BF5D-472A-9491-F641AF1280C9} = {E91AEF30-9853-475E-A059-99985CF82B3F}
		{58ED1CD3-0B06-40AC-9A4A-3CE6DE2A9A5F} = {F705110F-4B0A-42CB-B6CD-CE1E413E7C8B}
		{B7DF2278-C1DF-4A98-9953-6DC7364AFAC6} = {58ED1CD3-0B06-40AC-9A4A-3CE6DE2A9A5F}
		{0BA4A663-6471-4F57-BF40-5C58CD4B0651} = {58ED1CD3-0B06-40AC-9A4A-3CE6DE2A9A5F}
		{24C3489C-FA54-4A59-8882-15F49899F380} = {A0AB5E8E-59EF-4959-8CD0-F395218B87B7}
		{095F928E-7E1B-49D8-AC86-9961432FB846} = {80F89D23-F9EA-409A-9E86-F95CC4C1E353}
		{B053B966-46FE-492E-B749-12A7D365EC61} = {095F928E-7E1B-49D8-AC86-9961432FB846}
		{3731E494-26B6-4888-AA9B-E68D99CF9CEE} = {095F928E-7E1B-49D8-AC86-9961432FB846}
		{69601C62-9CB4-475C-A20E-FEFAC5A193FB} = {11F4259B-A525-49FB-AEC3-0AD47435202B}
		{02E2A774-3F94-4316-9727-99867EC9B20E} = {0EE37DDF-5288-48E5-B07D-998B201B330D}
		{25E869AC-701B-4417-BEC5-F58EFE5605F2} = {02E2A774-3F94-4316-9727-99867EC9B20E}
		{13501DEA-CF1D-44B1-9B90-81D02B0D217E} = {AB3D2389-3DF1-444B-A440-F3EE80268C7A}
		{E471E772-22D4-49FF-A68F-B7F4684C9D17} = {13501DEA-CF1D-44B1-9B90-81D02B0D217E}
		{25AF3F5C-3955-4188-852A-325FE8DDDAF5} = {AB3D2389-3DF1-444B-A440-F3EE80268C7A}
		{57D0472F-555A-40D8-9842-98158D777EEA} = {25AF3F5C-3955-4188-852A-325FE8DDDAF5}
		{D43D28E5-A751-4875-9F04-83D5762DCE6C} = {25AF3F5C-3955-4188-852A-325FE8DDDAF5}
		{C73E9A38-1082-4E2E-827F-27F721593004} = {D43D28E5-A751-4875-9F04-83D5762DCE6C}
		{96718834-3F69-444C-BAE0-C59CADCA5FE3} = {13501DEA-CF1D-44B1-9B90-81D02B0D217E}
		{3DEAF6DE-4A80-4E03-A0CB-6B242A1B736F} = {AF9C2F9B-EAD9-499E-A22B-42D0C861D960}
		{D7EA2FA6-4FF6-44A2-9A71-F3CD33173F52} = {3DEAF6DE-4A80-4E03-A0CB-6B242A1B736F}
		{ABF474F9-9AD6-4F4F-9763-79174F060AE3} = {3DEAF6DE-4A80-4E03-A0CB-6B242A1B736F}
		{EBECB843-6A7E-469C-B774-182EE623580A} = {ABF474F9-9AD6-4F4F-9763-79174F060AE3}
		{B84CB6AB-5445-4D27-9946-DCEEA8E504DF} = {1BB170F6-41E7-4FA5-8D76-4E9DE7B161D2}
		{23019AB7-B667-404C-9646-049EC52C82DB} = {B84CB6AB-5445-4D27-9946-DCEEA8E504DF}
	EndGlobalSection
	GlobalSection(ExtensibilityGlobals) = postSolution
		SolutionGuid = {D9BE108E-C193-473D-85AA-156A80D38B12}
	EndGlobalSection
EndGlobal
